
Microsoft Visual Studio Solution File, Format Version 12.00
# Visual Studio Version 17
VisualStudioVersion = 17.14.36121.58 d17.14
MinimumVisualStudioVersion = 10.0.40219.1
Project("{FAE04EC0-301F-11D3-BF4B-00C04F79EFBC}") = "HackerOs", "HackerOs\HackerOs.csproj", "{D475C4CA-E29A-4BD9-81F5-E05899B802E3}"
EndProject
Project("{2150E333-8FDC-42A3-9474-1A3956D46DE8}") = "BlazorTerminal", "BlazorTerminal", "{02EA681E-C7D8-13C7-8484-4AC65E1B71E8}"
EndProject
Project("{2150E333-8FDC-42A3-9474-1A3956D46DE8}") = "BlazorWindowManager", "BlazorWindowManager", "{BDB42DCC-EB07-49BD-B1EE-3BCC5E700061}"
EndProject
Project("{FAE04EC0-301F-11D3-BF4B-00C04F79EFBC}") = "BlazorWindowManager", "BlazorWindowManager\BlazorWindowManager\BlazorWindowManager.csproj", "{6B17E3D7-8C83-4799-9444-4AB99BAD98B9}"
EndProject
Project("{FAE04EC0-301F-11D3-BF4B-00C04F79EFBC}") = "BlazorWindowManager.Test", "BlazorWindowManager\BlazorWindowManager.Test\BlazorWindowManager.Test.csproj", "{5F5FAC25-8C58-427F-95B8-4007122061B9}"
EndProject
Project("{FAE04EC0-301F-11D3-BF4B-00C04F79EFBC}") = "BlazorTerminal", "BlazorTerminal\src\BlazorTerminal\BlazorTerminal.csproj", "{8E7DBA30-2C14-858D-FEAB-DF3DE592E639}"
EndProject
Project("{FAE04EC0-301F-11D3-BF4B-00C04F79EFBC}") = "BlazorTerminal.Test", "BlazorTerminal\src\BlazorTerminal.Test\BlazorTerminal.Test.csproj", "{528A0353-5DCA-10BF-0817-C9B00353E486}"
EndProject
Global
	GlobalSection(SolutionConfigurationPlatforms) = preSolution
		Debug|Any CPU = Debug|Any CPU
		Release|Any CPU = Release|Any CPU
	EndGlobalSection
	GlobalSection(ProjectConfigurationPlatforms) = postSolution
		{D475C4CA-E29A-4BD9-81F5-E05899B802E3}.Debug|Any CPU.ActiveCfg = Debug|Any CPU
		{D475C4CA-E29A-4BD9-81F5-E05899B802E3}.Debug|Any CPU.Build.0 = Debug|Any CPU
		{D475C4CA-E29A-4BD9-81F5-E05899B802E3}.Release|Any CPU.ActiveCfg = Release|Any CPU
		{D475C4CA-E29A-4BD9-81F5-E05899B802E3}.Release|Any CPU.Build.0 = Release|Any CPU
		{6B17E3D7-8C83-4799-9444-4AB99BAD98B9}.Debug|Any CPU.ActiveCfg = Debug|Any CPU
		{6B17E3D7-8C83-4799-9444-4AB99BAD98B9}.Debug|Any CPU.Build.0 = Debug|Any CPU
		{6B17E3D7-8C83-4799-9444-4AB99BAD98B9}.Release|Any CPU.ActiveCfg = Release|Any CPU
		{6B17E3D7-8C83-4799-9444-4AB99BAD98B9}.Release|Any CPU.Build.0 = Release|Any CPU
		{5F5FAC25-8C58-427F-95B8-4007122061B9}.Debug|Any CPU.ActiveCfg = Debug|Any CPU
		{5F5FAC25-8C58-427F-95B8-4007122061B9}.Debug|Any CPU.Build.0 = Debug|Any CPU
		{5F5FAC25-8C58-427F-95B8-4007122061B9}.Release|Any CPU.ActiveCfg = Release|Any CPU
		{5F5FAC25-8C58-427F-95B8-4007122061B9}.Release|Any CPU.Build.0 = Release|Any CPU
		{8E7DBA30-2C14-858D-FEAB-DF3DE592E639}.Debug|Any CPU.ActiveCfg = Debug|Any CPU
		{8E7DBA30-2C14-858D-FEAB-DF3DE592E639}.Debug|Any CPU.Build.0 = Debug|Any CPU
		{8E7DBA30-2C14-858D-FEAB-DF3DE592E639}.Release|Any CPU.ActiveCfg = Release|Any CPU
		{8E7DBA30-2C14-858D-FEAB-DF3DE592E639}.Release|Any CPU.Build.0 = Release|Any CPU
		{528A0353-5DCA-10BF-0817-C9B00353E486}.Debug|Any CPU.ActiveCfg = Debug|Any CPU
		{528A0353-5DCA-10BF-0817-C9B00353E486}.Debug|Any CPU.Build.0 = Debug|Any CPU
		{528A0353-5DCA-10BF-0817-C9B00353E486}.Release|Any CPU.ActiveCfg = Release|Any CPU
		{528A0353-5DCA-10BF-0817-C9B00353E486}.Release|Any CPU.Build.0 = Release|Any CPU
	EndGlobalSection
	GlobalSection(SolutionProperties) = preSolution
		HideSolutionNode = FALSE
	EndGlobalSection
	GlobalSection(NestedProjects) = preSolution
		{6B17E3D7-8C83-4799-9444-4AB99BAD98B9} = {BDB42DCC-EB07-49BD-B1EE-3BCC5E700061}
		{5F5FAC25-8C58-427F-95B8-4007122061B9} = {BDB42DCC-EB07-49BD-B1EE-3BCC5E700061}
		{8E7DBA30-2C14-858D-FEAB-DF3DE592E639} = {02EA681E-C7D8-13C7-8484-4AC65E1B71E8}
		{528A0353-5DCA-10BF-0817-C9B00353E486} = {02EA681E-C7D8-13C7-8484-4AC65E1B71E8}
	EndGlobalSection
	GlobalSection(ExtensibilityGlobals) = postSolution
		SolutionGuid = {001BB1C6-5ED7-4941-B190-846DF09ACC57}
	EndGlobalSection
EndGlobal
