
Microsoft Visual Studio Solution File, Format Version 12.00
# Visual Studio Version 17
VisualStudioVersion = 17.0.31903.59
MinimumVisualStudioVersion = 10.0.40219.1
Project("{2150E333-8FDC-42A3-9474-1A3956D46DE8}") = "Shared", "Shared", "{4F52FD11-658E-A102-6CD3-7D7C16FFA15B}"
EndProject
Project("{FAE04EC0-301F-11D3-BF4B-00C04F79EFBC}") = "HackerOs.App.Abstractions", "Shared\HackerOs.App.Abstractions\HackerOs.App.Abstractions.csproj", "{9D0C75D3-8A67-49B2-B58C-C57CAEC6F4FC}"
EndProject
Project("{FAE04EC0-301F-11D3-BF4B-00C04F79EFBC}") = "HackerOs.AppSdk", "Shared\HackerOs.AppSdk\HackerOs.AppSdk.csproj", "{1F21A2CF-B462-4165-AFB6-B8DA70B8AD94}"
EndProject
Project("{2150E333-8FDC-42A3-9474-1A3956D46DE8}") = "Tests", "Tests", "{0AB3BF05-4346-4AA6-1389-037BE0695223}"
EndProject
Project("{FAE04EC0-301F-11D3-BF4B-00C04F79EFBC}") = "HackerOs.App.Abstractions.Tests", "Tests\HackerOs.App.Abstractions.Tests\HackerOs.App.Abstractions.Tests.csproj", "{F020F384-D81A-49AD-A27F-38EEE4B254CA}"
EndProject
Project("{FAE04EC0-301F-11D3-BF4B-00C04F79EFBC}") = "HackerOs.AppSdk.Tests", "Tests\HackerOs.AppSdk.Tests\HackerOs.AppSdk.Tests.csproj", "{275C1BD9-7F8C-4A1D-B6C8-8609E67EE966}"
EndProject
Project("{FAE04EC0-301F-11D3-BF4B-00C04F79EFBC}") = "HackerOs.Simulation.Abstractions", "Shared\HackerOs.Simulation.Abstractions\HackerOs.Simulation.Abstractions.csproj", "{306E8BBE-978B-4418-996F-4FC05739AADA}"
EndProject
Project("{2150E333-8FDC-42A3-9474-1A3956D46DE8}") = "Platform", "Platform", "{E54149B9-7F22-367F-9CC5-FD829E3AA07B}"
EndProject
Project("{FAE04EC0-301F-11D3-BF4B-00C04F79EFBC}") = "HackerOs.Platform.Core", "Platform\HackerOs.Platform.Core\HackerOs.Platform.Core.csproj", "{F11ABCB9-0EA1-4695-82EA-94D571627E46}"
EndProject
Project("{FAE04EC0-301F-11D3-BF4B-00C04F79EFBC}") = "HackerOs.Platform.Core.Tests", "Tests\HackerOs.Platform.Core.Tests\HackerOs.Platform.Core.Tests.csproj", "{4AB31DCB-069D-43F1-B67E-4F8DA8675EB7}"
EndProject
Project("{FAE04EC0-301F-11D3-BF4B-00C04F79EFBC}") = "HackerOs.AppSdk.Blazor", "Shared\HackerOs.AppSdk.Blazor\HackerOs.AppSdk.Blazor.csproj", "{06C2415A-D041-43EF-BD15-E1F0E9B92D1F}"
EndProject
Project("{FAE04EC0-301F-11D3-BF4B-00C04F79EFBC}") = "HackerOs.AppSdk.Blazor.Tests", "Tests\HackerOs.AppSdk.Blazor.Tests\HackerOs.AppSdk.Blazor.Tests.csproj", "{3E8A56D7-BE4C-48E3-A70D-58A7F490673C}"
EndProject
Project("{2150E333-8FDC-42A3-9474-1A3956D46DE8}") = "Infrastructure", "Infrastructure", "{DFEE68D8-A7D0-1A41-506C-9B74AA9A7B7B}"
EndProject
Project("{FAE04EC0-301F-11D3-BF4B-00C04F79EFBC}") = "HackerOs.Infrastructure.Browser", "Infrastructure\HackerOs.Infrastructure.Browser\HackerOs.Infrastructure.Browser.csproj", "{FDB24A8E-BCA5-4E94-A8BB-7CD2705C1D74}"
EndProject
Project("{FAE04EC0-301F-11D3-BF4B-00C04F79EFBC}") = "HackerOs.Infrastructure.Browser.Tests", "Tests\HackerOs.Infrastructure.Browser.Tests\HackerOs.Infrastructure.Browser.Tests.csproj", "{EB1A4B64-2C6C-4BFA-8741-711F23B9BB7E}"
EndProject
Project("{FAE04EC0-301F-11D3-BF4B-00C04F79EFBC}") = "HackerOs.BrowserHarness.Tests", "Tests\HackerOs.BrowserHarness.Tests\HackerOs.BrowserHarness.Tests.csproj", "{23AD259B-2CE7-435E-AFD3-3E7AE743C363}"
EndProject
Project("{FAE04EC0-301F-11D3-BF4B-00C04F79EFBC}") = "HackerOs.E2E.Tests", "Tests\HackerOs.E2E.Tests\HackerOs.E2E.Tests.csproj", "{6A87138D-C833-44DB-9C12-1DC68D55C410}"
EndProject
Project("{FAE04EC0-301F-11D3-BF4B-00C04F79EFBC}") = "HackerOs.Platform.Blazor", "Platform\HackerOs.Platform.Blazor\HackerOs.Platform.Blazor.csproj", "{A5DE3A65-9B07-4BBD-B9F3-1358CB01C356}"
EndProject
Project("{FAE04EC0-301F-11D3-BF4B-00C04F79EFBC}") = "HackerOs.Platform.Blazor.Tests", "Tests\HackerOs.Platform.Blazor.Tests\HackerOs.Platform.Blazor.Tests.csproj", "{59E76375-4170-4E32-B988-3A652B3997BC}"
EndProject
Project("{2150E333-8FDC-42A3-9474-1A3956D46DE8}") = "OS", "OS", "{37F61B1F-7B2D-C70A-2176-B3B271E5A998}"
EndProject
Project("{FAE04EC0-301F-11D3-BF4B-00C04F79EFBC}") = "HackerOs.Ecosystem", "OS\HackerOs.Ecosystem\HackerOs.Ecosystem.csproj", "{58020CE7-AEC7-4332-96E7-8E152CAE4A25}"
EndProject
Project("{FAE04EC0-301F-11D3-BF4B-00C04F79EFBC}") = "HackerOs.Ecosystem.Tests", "Tests\HackerOs.Ecosystem.Tests\HackerOs.Ecosystem.Tests.csproj", "{79E5FA1E-CAC9-4B6E-9679-254E4F5E6DA2}"
EndProject
Project("{2150E333-8FDC-42A3-9474-1A3956D46DE8}") = "Apps", "Apps", "{1787FE1D-075E-9E68-7218-25F1BD1BBEAB}"
EndProject
Project("{2150E333-8FDC-42A3-9474-1A3956D46DE8}") = "System", "System", "{905B2783-9C43-92DA-30E4-6F9E435459FB}"
EndProject
Project("{FAE04EC0-301F-11D3-BF4B-00C04F79EFBC}") = "HackerOs.Apps.Terminal", "Apps\System\HackerOs.Apps.Terminal\HackerOs.Apps.Terminal.csproj", "{645995FA-5A17-4537-9AA6-9C3408EF7296}"
EndProject
Project("{FAE04EC0-301F-11D3-BF4B-00C04F79EFBC}") = "HackerOs.Apps.Terminal.Tests", "Tests\HackerOs.Apps.Terminal.Tests\HackerOs.Apps.Terminal.Tests.csproj", "{F8576A76-F4E3-4CED-AF6D-106116A15E80}"
EndProject
Project("{2150E333-8FDC-42A3-9474-1A3956D46DE8}") = "Commands", "Commands", "{F5DE920E-CA3C-B25E-1965-B1383162EE01}"
EndProject
Project("{FAE04EC0-301F-11D3-BF4B-00C04F79EFBC}") = "HackerOs.Commands.Pwd", "Apps\Commands\HackerOs.Commands.Pwd\HackerOs.Commands.Pwd.csproj", "{1861FF58-F728-4A04-9E60-F85749EE604A}"
EndProject
Project("{FAE04EC0-301F-11D3-BF4B-00C04F79EFBC}") = "HackerOs.Commands.Echo", "Apps\Commands\HackerOs.Commands.Echo\HackerOs.Commands.Echo.csproj", "{5DD43FB8-C298-4EF2-9DAD-E36C9A3044E8}"
EndProject
Project("{FAE04EC0-301F-11D3-BF4B-00C04F79EFBC}") = "HackerOs.Commands.Cd", "Apps\Commands\HackerOs.Commands.Cd\HackerOs.Commands.Cd.csproj", "{FF3940F3-A259-45E9-8047-877379C8020E}"
EndProject
Project("{FAE04EC0-301F-11D3-BF4B-00C04F79EFBC}") = "HackerOs.Commands.Cat", "Apps\Commands\HackerOs.Commands.Cat\HackerOs.Commands.Cat.csproj", "{6AEEF6B0-0216-4D00-9911-BB24A441919B}"
EndProject
Project("{FAE04EC0-301F-11D3-BF4B-00C04F79EFBC}") = "HackerOs.Commands.Ls", "Apps\Commands\HackerOs.Commands.Ls\HackerOs.Commands.Ls.csproj", "{E4B1F051-E72C-4E0B-B9E8-87269A90D9A9}"
EndProject
Project("{FAE04EC0-301F-11D3-BF4B-00C04F79EFBC}") = "HackerOs.Commands.Tests", "Tests\HackerOs.Commands.Tests\HackerOs.Commands.Tests.csproj", "{DA75654B-7569-4836-848A-5A11F51C5D92}"
EndProject
Project("{FAE04EC0-301F-11D3-BF4B-00C04F79EFBC}") = "HackerOs.Apps.FileExplorer", "Apps\System\HackerOs.Apps.FileExplorer\HackerOs.Apps.FileExplorer.csproj", "{2672AEEB-2C26-44AF-8C00-8EF804044B19}"
EndProject
Project("{FAE04EC0-301F-11D3-BF4B-00C04F79EFBC}") = "HackerOs.Apps.FileExplorer.Tests", "Tests\HackerOs.Apps.FileExplorer.Tests\HackerOs.Apps.FileExplorer.Tests.csproj", "{B4A799D4-0ADE-4BDA-911E-D8C260977C51}"
EndProject
Project("{FAE04EC0-301F-11D3-BF4B-00C04F79EFBC}") = "HackerOs.Apps.TextEditor", "Apps\System\HackerOs.Apps.TextEditor\HackerOs.Apps.TextEditor.csproj", "{7A77398B-C40B-4EE5-9B06-B31C5E684057}"
EndProject
Project("{FAE04EC0-301F-11D3-BF4B-00C04F79EFBC}") = "HackerOs.Apps.TextEditor.Tests", "Tests\HackerOs.Apps.TextEditor.Tests\HackerOs.Apps.TextEditor.Tests.csproj", "{3031B98C-7041-49EB-97B4-09A28C19E563}"
EndProject
Project("{2150E333-8FDC-42A3-9474-1A3956D46DE8}") = "Samples", "Samples", "{25068686-72C8-8641-69C0-CD8FCC78F076}"
EndProject
Project("{FAE04EC0-301F-11D3-BF4B-00C04F79EFBC}") = "HackerOs.Samples.ServiceApp", "Apps\Samples\HackerOs.Samples.ServiceApp\HackerOs.Samples.ServiceApp.csproj", "{EDBB61C1-3BF4-430D-AB28-D0CC36C4127F}"
EndProject
Project("{FAE04EC0-301F-11D3-BF4B-00C04F79EFBC}") = "HackerOs.Samples.ServiceApp.Tests", "Tests\HackerOs.Samples.ServiceApp.Tests\HackerOs.Samples.ServiceApp.Tests.csproj", "{55C62B79-C4A9-4A39-BDA3-04042BE043CB}"
EndProject
Global
	GlobalSection(SolutionConfigurationPlatforms) = preSolution
		Debug|Any CPU = Debug|Any CPU
		Debug|x64 = Debug|x64
		Debug|x86 = Debug|x86
		Release|Any CPU = Release|Any CPU
		Release|x64 = Release|x64
		Release|x86 = Release|x86
	EndGlobalSection
	GlobalSection(ProjectConfigurationPlatforms) = postSolution
		{9D0C75D3-8A67-49B2-B58C-C57CAEC6F4FC}.Debug|Any CPU.ActiveCfg = Debug|Any CPU
		{9D0C75D3-8A67-49B2-B58C-C57CAEC6F4FC}.Debug|Any CPU.Build.0 = Debug|Any CPU
		{9D0C75D3-8A67-49B2-B58C-C57CAEC6F4FC}.Debug|x64.ActiveCfg = Debug|Any CPU
		{9D0C75D3-8A67-49B2-B58C-C57CAEC6F4FC}.Debug|x64.Build.0 = Debug|Any CPU
		{9D0C75D3-8A67-49B2-B58C-C57CAEC6F4FC}.Debug|x86.ActiveCfg = Debug|Any CPU
		{9D0C75D3-8A67-49B2-B58C-C57CAEC6F4FC}.Debug|x86.Build.0 = Debug|Any CPU
		{9D0C75D3-8A67-49B2-B58C-C57CAEC6F4FC}.Release|Any CPU.ActiveCfg = Release|Any CPU
		{9D0C75D3-8A67-49B2-B58C-C57CAEC6F4FC}.Release|Any CPU.Build.0 = Release|Any CPU
		{9D0C75D3-8A67-49B2-B58C-C57CAEC6F4FC}.Release|x64.ActiveCfg = Release|Any CPU
		{9D0C75D3-8A67-49B2-B58C-C57CAEC6F4FC}.Release|x64.Build.0 = Release|Any CPU
		{9D0C75D3-8A67-49B2-B58C-C57CAEC6F4FC}.Release|x86.ActiveCfg = Release|Any CPU
		{9D0C75D3-8A67-49B2-B58C-C57CAEC6F4FC}.Release|x86.Build.0 = Release|Any CPU
		{1F21A2CF-B462-4165-AFB6-B8DA70B8AD94}.Debug|Any CPU.ActiveCfg = Debug|Any CPU
		{1F21A2CF-B462-4165-AFB6-B8DA70B8AD94}.Debug|Any CPU.Build.0 = Debug|Any CPU
		{1F21A2CF-B462-4165-AFB6-B8DA70B8AD94}.Debug|x64.ActiveCfg = Debug|Any CPU
		{1F21A2CF-B462-4165-AFB6-B8DA70B8AD94}.Debug|x64.Build.0 = Debug|Any CPU
		{1F21A2CF-B462-4165-AFB6-B8DA70B8AD94}.Debug|x86.ActiveCfg = Debug|Any CPU
		{1F21A2CF-B462-4165-AFB6-B8DA70B8AD94}.Debug|x86.Build.0 = Debug|Any CPU
		{1F21A2CF-B462-4165-AFB6-B8DA70B8AD94}.Release|Any CPU.ActiveCfg = Release|Any CPU
		{1F21A2CF-B462-4165-AFB6-B8DA70B8AD94}.Release|Any CPU.Build.0 = Release|Any CPU
		{1F21A2CF-B462-4165-AFB6-B8DA70B8AD94}.Release|x64.ActiveCfg = Release|Any CPU
		{1F21A2CF-B462-4165-AFB6-B8DA70B8AD94}.Release|x64.Build.0 = Release|Any CPU
		{1F21A2CF-B462-4165-AFB6-B8DA70B8AD94}.Release|x86.ActiveCfg = Release|Any CPU
		{1F21A2CF-B462-4165-AFB6-B8DA70B8AD94}.Release|x86.Build.0 = Release|Any CPU
		{F020F384-D81A-49AD-A27F-38EEE4B254CA}.Debug|Any CPU.ActiveCfg = Debug|Any CPU
		{F020F384-D81A-49AD-A27F-38EEE4B254CA}.Debug|Any CPU.Build.0 = Debug|Any CPU
		{F020F384-D81A-49AD-A27F-38EEE4B254CA}.Debug|x64.ActiveCfg = Debug|Any CPU
		{F020F384-D81A-49AD-A27F-38EEE4B254CA}.Debug|x64.Build.0 = Debug|Any CPU
		{F020F384-D81A-49AD-A27F-38EEE4B254CA}.Debug|x86.ActiveCfg = Debug|Any CPU
		{F020F384-D81A-49AD-A27F-38EEE4B254CA}.Debug|x86.Build.0 = Debug|Any CPU
		{F020F384-D81A-49AD-A27F-38EEE4B254CA}.Release|Any CPU.ActiveCfg = Release|Any CPU
		{F020F384-D81A-49AD-A27F-38EEE4B254CA}.Release|Any CPU.Build.0 = Release|Any CPU
		{F020F384-D81A-49AD-A27F-38EEE4B254CA}.Release|x64.ActiveCfg = Release|Any CPU
		{F020F384-D81A-49AD-A27F-38EEE4B254CA}.Release|x64.Build.0 = Release|Any CPU
		{F020F384-D81A-49AD-A27F-38EEE4B254CA}.Release|x86.ActiveCfg = Release|Any CPU
		{F020F384-D81A-49AD-A27F-38EEE4B254CA}.Release|x86.Build.0 = Release|Any CPU
		{275C1BD9-7F8C-4A1D-B6C8-8609E67EE966}.Debug|Any CPU.ActiveCfg = Debug|Any CPU
		{275C1BD9-7F8C-4A1D-B6C8-8609E67EE966}.Debug|Any CPU.Build.0 = Debug|Any CPU
		{275C1BD9-7F8C-4A1D-B6C8-8609E67EE966}.Debug|x64.ActiveCfg = Debug|Any CPU
		{275C1BD9-7F8C-4A1D-B6C8-8609E67EE966}.Debug|x64.Build.0 = Debug|Any CPU
		{275C1BD9-7F8C-4A1D-B6C8-8609E67EE966}.Debug|x86.ActiveCfg = Debug|Any CPU
		{275C1BD9-7F8C-4A1D-B6C8-8609E67EE966}.Debug|x86.Build.0 = Debug|Any CPU
		{275C1BD9-7F8C-4A1D-B6C8-8609E67EE966}.Release|Any CPU.ActiveCfg = Release|Any CPU
		{275C1BD9-7F8C-4A1D-B6C8-8609E67EE966}.Release|Any CPU.Build.0 = Release|Any CPU
		{275C1BD9-7F8C-4A1D-B6C8-8609E67EE966}.Release|x64.ActiveCfg = Release|Any CPU
		{275C1BD9-7F8C-4A1D-B6C8-8609E67EE966}.Release|x64.Build.0 = Release|Any CPU
		{275C1BD9-7F8C-4A1D-B6C8-8609E67EE966}.Release|x86.ActiveCfg = Release|Any CPU
		{275C1BD9-7F8C-4A1D-B6C8-8609E67EE966}.Release|x86.Build.0 = Release|Any CPU
		{306E8BBE-978B-4418-996F-4FC05739AADA}.Debug|Any CPU.ActiveCfg = Debug|Any CPU
		{306E8BBE-978B-4418-996F-4FC05739AADA}.Debug|Any CPU.Build.0 = Debug|Any CPU
		{306E8BBE-978B-4418-996F-4FC05739AADA}.Debug|x64.ActiveCfg = Debug|Any CPU
		{306E8BBE-978B-4418-996F-4FC05739AADA}.Debug|x64.Build.0 = Debug|Any CPU
		{306E8BBE-978B-4418-996F-4FC05739AADA}.Debug|x86.ActiveCfg = Debug|Any CPU
		{306E8BBE-978B-4418-996F-4FC05739AADA}.Debug|x86.Build.0 = Debug|Any CPU
		{306E8BBE-978B-4418-996F-4FC05739AADA}.Release|Any CPU.ActiveCfg = Release|Any CPU
		{306E8BBE-978B-4418-996F-4FC05739AADA}.Release|Any CPU.Build.0 = Release|Any CPU
		{306E8BBE-978B-4418-996F-4FC05739AADA}.Release|x64.ActiveCfg = Release|Any CPU
		{306E8BBE-978B-4418-996F-4FC05739AADA}.Release|x64.Build.0 = Release|Any CPU
		{306E8BBE-978B-4418-996F-4FC05739AADA}.Release|x86.ActiveCfg = Release|Any CPU
		{306E8BBE-978B-4418-996F-4FC05739AADA}.Release|x86.Build.0 = Release|Any CPU
		{F11ABCB9-0EA1-4695-82EA-94D571627E46}.Debug|Any CPU.ActiveCfg = Debug|Any CPU
		{F11ABCB9-0EA1-4695-82EA-94D571627E46}.Debug|Any CPU.Build.0 = Debug|Any CPU
		{F11ABCB9-0EA1-4695-82EA-94D571627E46}.Debug|x64.ActiveCfg = Debug|Any CPU
		{F11ABCB9-0EA1-4695-82EA-94D571627E46}.Debug|x64.Build.0 = Debug|Any CPU
		{F11ABCB9-0EA1-4695-82EA-94D571627E46}.Debug|x86.ActiveCfg = Debug|Any CPU
		{F11ABCB9-0EA1-4695-82EA-94D571627E46}.Debug|x86.Build.0 = Debug|Any CPU
		{F11ABCB9-0EA1-4695-82EA-94D571627E46}.Release|Any CPU.ActiveCfg = Release|Any CPU
		{F11ABCB9-0EA1-4695-82EA-94D571627E46}.Release|Any CPU.Build.0 = Release|Any CPU
		{F11ABCB9-0EA1-4695-82EA-94D571627E46}.Release|x64.ActiveCfg = Release|Any CPU
		{F11ABCB9-0EA1-4695-82EA-94D571627E46}.Release|x64.Build.0 = Release|Any CPU
		{F11ABCB9-0EA1-4695-82EA-94D571627E46}.Release|x86.ActiveCfg = Release|Any CPU
		{F11ABCB9-0EA1-4695-82EA-94D571627E46}.Release|x86.Build.0 = Release|Any CPU
		{4AB31DCB-069D-43F1-B67E-4F8DA8675EB7}.Debug|Any CPU.ActiveCfg = Debug|Any CPU
		{4AB31DCB-069D-43F1-B67E-4F8DA8675EB7}.Debug|Any CPU.Build.0 = Debug|Any CPU
		{4AB31DCB-069D-43F1-B67E-4F8DA8675EB7}.Debug|x64.ActiveCfg = Debug|Any CPU
		{4AB31DCB-069D-43F1-B67E-4F8DA8675EB7}.Debug|x64.Build.0 = Debug|Any CPU
		{4AB31DCB-069D-43F1-B67E-4F8DA8675EB7}.Debug|x86.ActiveCfg = Debug|Any CPU
		{4AB31DCB-069D-43F1-B67E-4F8DA8675EB7}.Debug|x86.Build.0 = Debug|Any CPU
		{4AB31DCB-069D-43F1-B67E-4F8DA8675EB7}.Release|Any CPU.ActiveCfg = Release|Any CPU
		{4AB31DCB-069D-43F1-B67E-4F8DA8675EB7}.Release|Any CPU.Build.0 = Release|Any CPU
		{4AB31DCB-069D-43F1-B67E-4F8DA8675EB7}.Release|x64.ActiveCfg = Release|Any CPU
		{4AB31DCB-069D-43F1-B67E-4F8DA8675EB7}.Release|x64.Build.0 = Release|Any CPU
		{4AB31DCB-069D-43F1-B67E-4F8DA8675EB7}.Release|x86.ActiveCfg = Release|Any CPU
		{4AB31DCB-069D-43F1-B67E-4F8DA8675EB7}.Release|x86.Build.0 = Release|Any CPU
		{06C2415A-D041-43EF-BD15-E1F0E9B92D1F}.Debug|Any CPU.ActiveCfg = Debug|Any CPU
		{06C2415A-D041-43EF-BD15-E1F0E9B92D1F}.Debug|Any CPU.Build.0 = Debug|Any CPU
		{06C2415A-D041-43EF-BD15-E1F0E9B92D1F}.Debug|x64.ActiveCfg = Debug|Any CPU
		{06C2415A-D041-43EF-BD15-E1F0E9B92D1F}.Debug|x64.Build.0 = Debug|Any CPU
		{06C2415A-D041-43EF-BD15-E1F0E9B92D1F}.Debug|x86.ActiveCfg = Debug|Any CPU
		{06C2415A-D041-43EF-BD15-E1F0E9B92D1F}.Debug|x86.Build.0 = Debug|Any CPU
		{06C2415A-D041-43EF-BD15-E1F0E9B92D1F}.Release|Any CPU.ActiveCfg = Release|Any CPU
		{06C2415A-D041-43EF-BD15-E1F0E9B92D1F}.Release|Any CPU.Build.0 = Release|Any CPU
		{06C2415A-D041-43EF-BD15-E1F0E9B92D1F}.Release|x64.ActiveCfg = Release|Any CPU
		{06C2415A-D041-43EF-BD15-E1F0E9B92D1F}.Release|x64.Build.0 = Release|Any CPU
		{06C2415A-D041-43EF-BD15-E1F0E9B92D1F}.Release|x86.ActiveCfg = Release|Any CPU
		{06C2415A-D041-43EF-BD15-E1F0E9B92D1F}.Release|x86.Build.0 = Release|Any CPU
		{3E8A56D7-BE4C-48E3-A70D-58A7F490673C}.Debug|Any CPU.ActiveCfg = Debug|Any CPU
		{3E8A56D7-BE4C-48E3-A70D-58A7F490673C}.Debug|Any CPU.Build.0 = Debug|Any CPU
		{3E8A56D7-BE4C-48E3-A70D-58A7F490673C}.Debug|x64.ActiveCfg = Debug|Any CPU
		{3E8A56D7-BE4C-48E3-A70D-58A7F490673C}.Debug|x64.Build.0 = Debug|Any CPU
		{3E8A56D7-BE4C-48E3-A70D-58A7F490673C}.Debug|x86.ActiveCfg = Debug|Any CPU
		{3E8A56D7-BE4C-48E3-A70D-58A7F490673C}.Debug|x86.Build.0 = Debug|Any CPU
		{3E8A56D7-BE4C-48E3-A70D-58A7F490673C}.Release|Any CPU.ActiveCfg = Release|Any CPU
		{3E8A56D7-BE4C-48E3-A70D-58A7F490673C}.Release|Any CPU.Build.0 = Release|Any CPU
		{3E8A56D7-BE4C-48E3-A70D-58A7F490673C}.Release|x64.ActiveCfg = Release|Any CPU
		{3E8A56D7-BE4C-48E3-A70D-58A7F490673C}.Release|x64.Build.0 = Release|Any CPU
		{3E8A56D7-BE4C-48E3-A70D-58A7F490673C}.Release|x86.ActiveCfg = Release|Any CPU
		{3E8A56D7-BE4C-48E3-A70D-58A7F490673C}.Release|x86.Build.0 = Release|Any CPU
		{FDB24A8E-BCA5-4E94-A8BB-7CD2705C1D74}.Debug|Any CPU.ActiveCfg = Debug|Any CPU
		{FDB24A8E-BCA5-4E94-A8BB-7CD2705C1D74}.Debug|Any CPU.Build.0 = Debug|Any CPU
		{FDB24A8E-BCA5-4E94-A8BB-7CD2705C1D74}.Debug|x64.ActiveCfg = Debug|Any CPU
		{FDB24A8E-BCA5-4E94-A8BB-7CD2705C1D74}.Debug|x64.Build.0 = Debug|Any CPU
		{FDB24A8E-BCA5-4E94-A8BB-7CD2705C1D74}.Debug|x86.ActiveCfg = Debug|Any CPU
		{FDB24A8E-BCA5-4E94-A8BB-7CD2705C1D74}.Debug|x86.Build.0 = Debug|Any CPU
		{FDB24A8E-BCA5-4E94-A8BB-7CD2705C1D74}.Release|Any CPU.ActiveCfg = Release|Any CPU
		{FDB24A8E-BCA5-4E94-A8BB-7CD2705C1D74}.Release|Any CPU.Build.0 = Release|Any CPU
		{FDB24A8E-BCA5-4E94-A8BB-7CD2705C1D74}.Release|x64.ActiveCfg = Release|Any CPU
		{FDB24A8E-BCA5-4E94-A8BB-7CD2705C1D74}.Release|x64.Build.0 = Release|Any CPU
		{FDB24A8E-BCA5-4E94-A8BB-7CD2705C1D74}.Release|x86.ActiveCfg = Release|Any CPU
		{FDB24A8E-BCA5-4E94-A8BB-7CD2705C1D74}.Release|x86.Build.0 = Release|Any CPU
		{EB1A4B64-2C6C-4BFA-8741-711F23B9BB7E}.Debug|Any CPU.ActiveCfg = Debug|Any CPU
		{EB1A4B64-2C6C-4BFA-8741-711F23B9BB7E}.Debug|Any CPU.Build.0 = Debug|Any CPU
		{EB1A4B64-2C6C-4BFA-8741-711F23B9BB7E}.Debug|x64.ActiveCfg = Debug|Any CPU
		{EB1A4B64-2C6C-4BFA-8741-711F23B9BB7E}.Debug|x64.Build.0 = Debug|Any CPU
		{EB1A4B64-2C6C-4BFA-8741-711F23B9BB7E}.Debug|x86.ActiveCfg = Debug|Any CPU
		{EB1A4B64-2C6C-4BFA-8741-711F23B9BB7E}.Debug|x86.Build.0 = Debug|Any CPU
		{EB1A4B64-2C6C-4BFA-8741-711F23B9BB7E}.Release|Any CPU.ActiveCfg = Release|Any CPU
		{EB1A4B64-2C6C-4BFA-8741-711F23B9BB7E}.Release|Any CPU.Build.0 = Release|Any CPU
		{EB1A4B64-2C6C-4BFA-8741-711F23B9BB7E}.Release|x64.ActiveCfg = Release|Any CPU
		{EB1A4B64-2C6C-4BFA-8741-711F23B9BB7E}.Release|x64.Build.0 = Release|Any CPU
		{EB1A4B64-2C6C-4BFA-8741-711F23B9BB7E}.Release|x86.ActiveCfg = Release|Any CPU
		{EB1A4B64-2C6C-4BFA-8741-711F23B9BB7E}.Release|x86.Build.0 = Release|Any CPU
		{23AD259B-2CE7-435E-AFD3-3E7AE743C363}.Debug|Any CPU.ActiveCfg = Debug|Any CPU
		{23AD259B-2CE7-435E-AFD3-3E7AE743C363}.Debug|Any CPU.Build.0 = Debug|Any CPU
		{23AD259B-2CE7-435E-AFD3-3E7AE743C363}.Debug|x64.ActiveCfg = Debug|Any CPU
		{23AD259B-2CE7-435E-AFD3-3E7AE743C363}.Debug|x64.Build.0 = Debug|Any CPU
		{23AD259B-2CE7-435E-AFD3-3E7AE743C363}.Debug|x86.ActiveCfg = Debug|Any CPU
		{23AD259B-2CE7-435E-AFD3-3E7AE743C363}.Debug|x86.Build.0 = Debug|Any CPU
		{23AD259B-2CE7-435E-AFD3-3E7AE743C363}.Release|Any CPU.ActiveCfg = Release|Any CPU
		{23AD259B-2CE7-435E-AFD3-3E7AE743C363}.Release|Any CPU.Build.0 = Release|Any CPU
		{23AD259B-2CE7-435E-AFD3-3E7AE743C363}.Release|x64.ActiveCfg = Release|Any CPU
		{23AD259B-2CE7-435E-AFD3-3E7AE743C363}.Release|x64.Build.0 = Release|Any CPU
		{23AD259B-2CE7-435E-AFD3-3E7AE743C363}.Release|x86.ActiveCfg = Release|Any CPU
		{23AD259B-2CE7-435E-AFD3-3E7AE743C363}.Release|x86.Build.0 = Release|Any CPU
		{6A87138D-C833-44DB-9C12-1DC68D55C410}.Debug|Any CPU.ActiveCfg = Debug|Any CPU
		{6A87138D-C833-44DB-9C12-1DC68D55C410}.Debug|Any CPU.Build.0 = Debug|Any CPU
		{6A87138D-C833-44DB-9C12-1DC68D55C410}.Debug|x64.ActiveCfg = Debug|Any CPU
		{6A87138D-C833-44DB-9C12-1DC68D55C410}.Debug|x64.Build.0 = Debug|Any CPU
		{6A87138D-C833-44DB-9C12-1DC68D55C410}.Debug|x86.ActiveCfg = Debug|Any CPU
		{6A87138D-C833-44DB-9C12-1DC68D55C410}.Debug|x86.Build.0 = Debug|Any CPU
		{6A87138D-C833-44DB-9C12-1DC68D55C410}.Release|Any CPU.ActiveCfg = Release|Any CPU
		{6A87138D-C833-44DB-9C12-1DC68D55C410}.Release|Any CPU.Build.0 = Release|Any CPU
		{6A87138D-C833-44DB-9C12-1DC68D55C410}.Release|x64.ActiveCfg = Release|Any CPU
		{6A87138D-C833-44DB-9C12-1DC68D55C410}.Release|x64.Build.0 = Release|Any CPU
		{6A87138D-C833-44DB-9C12-1DC68D55C410}.Release|x86.ActiveCfg = Release|Any CPU
		{6A87138D-C833-44DB-9C12-1DC68D55C410}.Release|x86.Build.0 = Release|Any CPU
		{A5DE3A65-9B07-4BBD-B9F3-1358CB01C356}.Debug|Any CPU.ActiveCfg = Debug|Any CPU
		{A5DE3A65-9B07-4BBD-B9F3-1358CB01C356}.Debug|Any CPU.Build.0 = Debug|Any CPU
		{A5DE3A65-9B07-4BBD-B9F3-1358CB01C356}.Debug|x64.ActiveCfg = Debug|Any CPU
		{A5DE3A65-9B07-4BBD-B9F3-1358CB01C356}.Debug|x64.Build.0 = Debug|Any CPU
		{A5DE3A65-9B07-4BBD-B9F3-1358CB01C356}.Debug|x86.ActiveCfg = Debug|Any CPU
		{A5DE3A65-9B07-4BBD-B9F3-1358CB01C356}.Debug|x86.Build.0 = Debug|Any CPU
		{A5DE3A65-9B07-4BBD-B9F3-1358CB01C356}.Release|Any CPU.ActiveCfg = Release|Any CPU
		{A5DE3A65-9B07-4BBD-B9F3-1358CB01C356}.Release|Any CPU.Build.0 = Release|Any CPU
		{A5DE3A65-9B07-4BBD-B9F3-1358CB01C356}.Release|x64.ActiveCfg = Release|Any CPU
		{A5DE3A65-9B07-4BBD-B9F3-1358CB01C356}.Release|x64.Build.0 = Release|Any CPU
		{A5DE3A65-9B07-4BBD-B9F3-1358CB01C356}.Release|x86.ActiveCfg = Release|Any CPU
		{A5DE3A65-9B07-4BBD-B9F3-1358CB01C356}.Release|x86.Build.0 = Release|Any CPU
		{59E76375-4170-4E32-B988-3A652B3997BC}.Debug|Any CPU.ActiveCfg = Debug|Any CPU
		{59E76375-4170-4E32-B988-3A652B3997BC}.Debug|Any CPU.Build.0 = Debug|Any CPU
		{59E76375-4170-4E32-B988-3A652B3997BC}.Debug|x64.ActiveCfg = Debug|Any CPU
		{59E76375-4170-4E32-B988-3A652B3997BC}.Debug|x64.Build.0 = Debug|Any CPU
		{59E76375-4170-4E32-B988-3A652B3997BC}.Debug|x86.ActiveCfg = Debug|Any CPU
		{59E76375-4170-4E32-B988-3A652B3997BC}.Debug|x86.Build.0 = Debug|Any CPU
		{59E76375-4170-4E32-B988-3A652B3997BC}.Release|Any CPU.ActiveCfg = Release|Any CPU
		{59E76375-4170-4E32-B988-3A652B3997BC}.Release|Any CPU.Build.0 = Release|Any CPU
		{59E76375-4170-4E32-B988-3A652B3997BC}.Release|x64.ActiveCfg = Release|Any CPU
		{59E76375-4170-4E32-B988-3A652B3997BC}.Release|x64.Build.0 = Release|Any CPU
		{59E76375-4170-4E32-B988-3A652B3997BC}.Release|x86.ActiveCfg = Release|Any CPU
		{59E76375-4170-4E32-B988-3A652B3997BC}.Release|x86.Build.0 = Release|Any CPU
		{58020CE7-AEC7-4332-96E7-8E152CAE4A25}.Debug|Any CPU.ActiveCfg = Debug|Any CPU
		{58020CE7-AEC7-4332-96E7-8E152CAE4A25}.Debug|Any CPU.Build.0 = Debug|Any CPU
		{58020CE7-AEC7-4332-96E7-8E152CAE4A25}.Debug|x64.ActiveCfg = Debug|Any CPU
		{58020CE7-AEC7-4332-96E7-8E152CAE4A25}.Debug|x64.Build.0 = Debug|Any CPU
		{58020CE7-AEC7-4332-96E7-8E152CAE4A25}.Debug|x86.ActiveCfg = Debug|Any CPU
		{58020CE7-AEC7-4332-96E7-8E152CAE4A25}.Debug|x86.Build.0 = Debug|Any CPU
		{58020CE7-AEC7-4332-96E7-8E152CAE4A25}.Release|Any CPU.ActiveCfg = Release|Any CPU
		{58020CE7-AEC7-4332-96E7-8E152CAE4A25}.Release|Any CPU.Build.0 = Release|Any CPU
		{58020CE7-AEC7-4332-96E7-8E152CAE4A25}.Release|x64.ActiveCfg = Release|Any CPU
		{58020CE7-AEC7-4332-96E7-8E152CAE4A25}.Release|x64.Build.0 = Release|Any CPU
		{58020CE7-AEC7-4332-96E7-8E152CAE4A25}.Release|x86.ActiveCfg = Release|Any CPU
		{58020CE7-AEC7-4332-96E7-8E152CAE4A25}.Release|x86.Build.0 = Release|Any CPU
		{79E5FA1E-CAC9-4B6E-9679-254E4F5E6DA2}.Debug|Any CPU.ActiveCfg = Debug|Any CPU
		{79E5FA1E-CAC9-4B6E-9679-254E4F5E6DA2}.Debug|Any CPU.Build.0 = Debug|Any CPU
		{79E5FA1E-CAC9-4B6E-9679-254E4F5E6DA2}.Debug|x64.ActiveCfg = Debug|Any CPU
		{79E5FA1E-CAC9-4B6E-9679-254E4F5E6DA2}.Debug|x64.Build.0 = Debug|Any CPU
		{79E5FA1E-CAC9-4B6E-9679-254E4F5E6DA2}.Debug|x86.ActiveCfg = Debug|Any CPU
		{79E5FA1E-CAC9-4B6E-9679-254E4F5E6DA2}.Debug|x86.Build.0 = Debug|Any CPU
		{79E5FA1E-CAC9-4B6E-9679-254E4F5E6DA2}.Release|Any CPU.ActiveCfg = Release|Any CPU
		{79E5FA1E-CAC9-4B6E-9679-254E4F5E6DA2}.Release|Any CPU.Build.0 = Release|Any CPU
		{79E5FA1E-CAC9-4B6E-9679-254E4F5E6DA2}.Release|x64.ActiveCfg = Release|Any CPU
		{79E5FA1E-CAC9-4B6E-9679-254E4F5E6DA2}.Release|x64.Build.0 = Release|Any CPU
		{79E5FA1E-CAC9-4B6E-9679-254E4F5E6DA2}.Release|x86.ActiveCfg = Release|Any CPU
		{79E5FA1E-CAC9-4B6E-9679-254E4F5E6DA2}.Release|x86.Build.0 = Release|Any CPU
		{645995FA-5A17-4537-9AA6-9C3408EF7296}.Debug|Any CPU.ActiveCfg = Debug|Any CPU
		{645995FA-5A17-4537-9AA6-9C3408EF7296}.Debug|Any CPU.Build.0 = Debug|Any CPU
		{645995FA-5A17-4537-9AA6-9C3408EF7296}.Debug|x64.ActiveCfg = Debug|Any CPU
		{645995FA-5A17-4537-9AA6-9C3408EF7296}.Debug|x64.Build.0 = Debug|Any CPU
		{645995FA-5A17-4537-9AA6-9C3408EF7296}.Debug|x86.ActiveCfg = Debug|Any CPU
		{645995FA-5A17-4537-9AA6-9C3408EF7296}.Debug|x86.Build.0 = Debug|Any CPU
		{645995FA-5A17-4537-9AA6-9C3408EF7296}.Release|Any CPU.ActiveCfg = Release|Any CPU
		{645995FA-5A17-4537-9AA6-9C3408EF7296}.Release|Any CPU.Build.0 = Release|Any CPU
		{645995FA-5A17-4537-9AA6-9C3408EF7296}.Release|x64.ActiveCfg = Release|Any CPU
		{645995FA-5A17-4537-9AA6-9C3408EF7296}.Release|x64.Build.0 = Release|Any CPU
		{645995FA-5A17-4537-9AA6-9C3408EF7296}.Release|x86.ActiveCfg = Release|Any CPU
		{645995FA-5A17-4537-9AA6-9C3408EF7296}.Release|x86.Build.0 = Release|Any CPU
		{F8576A76-F4E3-4CED-AF6D-106116A15E80}.Debug|Any CPU.ActiveCfg = Debug|Any CPU
		{F8576A76-F4E3-4CED-AF6D-106116A15E80}.Debug|Any CPU.Build.0 = Debug|Any CPU
		{F8576A76-F4E3-4CED-AF6D-106116A15E80}.Debug|x64.ActiveCfg = Debug|Any CPU
		{F8576A76-F4E3-4CED-AF6D-106116A15E80}.Debug|x64.Build.0 = Debug|Any CPU
		{F8576A76-F4E3-4CED-AF6D-106116A15E80}.Debug|x86.ActiveCfg = Debug|Any CPU
		{F8576A76-F4E3-4CED-AF6D-106116A15E80}.Debug|x86.Build.0 = Debug|Any CPU
		{F8576A76-F4E3-4CED-AF6D-106116A15E80}.Release|Any CPU.ActiveCfg = Release|Any CPU
		{F8576A76-F4E3-4CED-AF6D-106116A15E80}.Release|Any CPU.Build.0 = Release|Any CPU
		{F8576A76-F4E3-4CED-AF6D-106116A15E80}.Release|x64.ActiveCfg = Release|Any CPU
		{F8576A76-F4E3-4CED-AF6D-106116A15E80}.Release|x64.Build.0 = Release|Any CPU
		{F8576A76-F4E3-4CED-AF6D-106116A15E80}.Release|x86.ActiveCfg = Release|Any CPU
		{F8576A76-F4E3-4CED-AF6D-106116A15E80}.Release|x86.Build.0 = Release|Any CPU
		{1861FF58-F728-4A04-9E60-F85749EE604A}.Debug|Any CPU.ActiveCfg = Debug|Any CPU
		{1861FF58-F728-4A04-9E60-F85749EE604A}.Debug|Any CPU.Build.0 = Debug|Any CPU
		{1861FF58-F728-4A04-9E60-F85749EE604A}.Debug|x64.ActiveCfg = Debug|Any CPU
		{1861FF58-F728-4A04-9E60-F85749EE604A}.Debug|x64.Build.0 = Debug|Any CPU
		{1861FF58-F728-4A04-9E60-F85749EE604A}.Debug|x86.ActiveCfg = Debug|Any CPU
		{1861FF58-F728-4A04-9E60-F85749EE604A}.Debug|x86.Build.0 = Debug|Any CPU
		{1861FF58-F728-4A04-9E60-F85749EE604A}.Release|Any CPU.ActiveCfg = Release|Any CPU
		{1861FF58-F728-4A04-9E60-F85749EE604A}.Release|Any CPU.Build.0 = Release|Any CPU
		{1861FF58-F728-4A04-9E60-F85749EE604A}.Release|x64.ActiveCfg = Release|Any CPU
		{1861FF58-F728-4A04-9E60-F85749EE604A}.Release|x64.Build.0 = Release|Any CPU
		{1861FF58-F728-4A04-9E60-F85749EE604A}.Release|x86.ActiveCfg = Release|Any CPU
		{1861FF58-F728-4A04-9E60-F85749EE604A}.Release|x86.Build.0 = Release|Any CPU
		{5DD43FB8-C298-4EF2-9DAD-E36C9A3044E8}.Debug|Any CPU.ActiveCfg = Debug|Any CPU
		{5DD43FB8-C298-4EF2-9DAD-E36C9A3044E8}.Debug|Any CPU.Build.0 = Debug|Any CPU
		{5DD43FB8-C298-4EF2-9DAD-E36C9A3044E8}.Debug|x64.ActiveCfg = Debug|Any CPU
		{5DD43FB8-C298-4EF2-9DAD-E36C9A3044E8}.Debug|x64.Build.0 = Debug|Any CPU
		{5DD43FB8-C298-4EF2-9DAD-E36C9A3044E8}.Debug|x86.ActiveCfg = Debug|Any CPU
		{5DD43FB8-C298-4EF2-9DAD-E36C9A3044E8}.Debug|x86.Build.0 = Debug|Any CPU
		{5DD43FB8-C298-4EF2-9DAD-E36C9A3044E8}.Release|Any CPU.ActiveCfg = Release|Any CPU
		{5DD43FB8-C298-4EF2-9DAD-E36C9A3044E8}.Release|Any CPU.Build.0 = Release|Any CPU
		{5DD43FB8-C298-4EF2-9DAD-E36C9A3044E8}.Release|x64.ActiveCfg = Release|Any CPU
		{5DD43FB8-C298-4EF2-9DAD-E36C9A3044E8}.Release|x64.Build.0 = Release|Any CPU
		{5DD43FB8-C298-4EF2-9DAD-E36C9A3044E8}.Release|x86.ActiveCfg = Release|Any CPU
		{5DD43FB8-C298-4EF2-9DAD-E36C9A3044E8}.Release|x86.Build.0 = Release|Any CPU
		{FF3940F3-A259-45E9-8047-877379C8020E}.Debug|Any CPU.ActiveCfg = Debug|Any CPU
		{FF3940F3-A259-45E9-8047-877379C8020E}.Debug|Any CPU.Build.0 = Debug|Any CPU
		{FF3940F3-A259-45E9-8047-877379C8020E}.Debug|x64.ActiveCfg = Debug|Any CPU
		{FF3940F3-A259-45E9-8047-877379C8020E}.Debug|x64.Build.0 = Debug|Any CPU
		{FF3940F3-A259-45E9-8047-877379C8020E}.Debug|x86.ActiveCfg = Debug|Any CPU
		{FF3940F3-A259-45E9-8047-877379C8020E}.Debug|x86.Build.0 = Debug|Any CPU
		{FF3940F3-A259-45E9-8047-877379C8020E}.Release|Any CPU.ActiveCfg = Release|Any CPU
		{FF3940F3-A259-45E9-8047-877379C8020E}.Release|Any CPU.Build.0 = Release|Any CPU
		{FF3940F3-A259-45E9-8047-877379C8020E}.Release|x64.ActiveCfg = Release|Any CPU
		{FF3940F3-A259-45E9-8047-877379C8020E}.Release|x64.Build.0 = Release|Any CPU
		{FF3940F3-A259-45E9-8047-877379C8020E}.Release|x86.ActiveCfg = Release|Any CPU
		{FF3940F3-A259-45E9-8047-877379C8020E}.Release|x86.Build.0 = Release|Any CPU
		{6AEEF6B0-0216-4D00-9911-BB24A441919B}.Debug|Any CPU.ActiveCfg = Debug|Any CPU
		{6AEEF6B0-0216-4D00-9911-BB24A441919B}.Debug|Any CPU.Build.0 = Debug|Any CPU
		{6AEEF6B0-0216-4D00-9911-BB24A441919B}.Debug|x64.ActiveCfg = Debug|Any CPU
		{6AEEF6B0-0216-4D00-9911-BB24A441919B}.Debug|x64.Build.0 = Debug|Any CPU
		{6AEEF6B0-0216-4D00-9911-BB24A441919B}.Debug|x86.ActiveCfg = Debug|Any CPU
		{6AEEF6B0-0216-4D00-9911-BB24A441919B}.Debug|x86.Build.0 = Debug|Any CPU
		{6AEEF6B0-0216-4D00-9911-BB24A441919B}.Release|Any CPU.ActiveCfg = Release|Any CPU
		{6AEEF6B0-0216-4D00-9911-BB24A441919B}.Release|Any CPU.Build.0 = Release|Any CPU
		{6AEEF6B0-0216-4D00-9911-BB24A441919B}.Release|x64.ActiveCfg = Release|Any CPU
		{6AEEF6B0-0216-4D00-9911-BB24A441919B}.Release|x64.Build.0 = Release|Any CPU
		{6AEEF6B0-0216-4D00-9911-BB24A441919B}.Release|x86.ActiveCfg = Release|Any CPU
		{6AEEF6B0-0216-4D00-9911-BB24A441919B}.Release|x86.Build.0 = Release|Any CPU
		{E4B1F051-E72C-4E0B-B9E8-87269A90D9A9}.Debug|Any CPU.ActiveCfg = Debug|Any CPU
		{E4B1F051-E72C-4E0B-B9E8-87269A90D9A9}.Debug|Any CPU.Build.0 = Debug|Any CPU
		{E4B1F051-E72C-4E0B-B9E8-87269A90D9A9}.Debug|x64.ActiveCfg = Debug|Any CPU
		{E4B1F051-E72C-4E0B-B9E8-87269A90D9A9}.Debug|x64.Build.0 = Debug|Any CPU
		{E4B1F051-E72C-4E0B-B9E8-87269A90D9A9}.Debug|x86.ActiveCfg = Debug|Any CPU
		{E4B1F051-E72C-4E0B-B9E8-87269A90D9A9}.Debug|x86.Build.0 = Debug|Any CPU
		{E4B1F051-E72C-4E0B-B9E8-87269A90D9A9}.Release|Any CPU.ActiveCfg = Release|Any CPU
		{E4B1F051-E72C-4E0B-B9E8-87269A90D9A9}.Release|Any CPU.Build.0 = Release|Any CPU
		{E4B1F051-E72C-4E0B-B9E8-87269A90D9A9}.Release|x64.ActiveCfg = Release|Any CPU
		{E4B1F051-E72C-4E0B-B9E8-87269A90D9A9}.Release|x64.Build.0 = Release|Any CPU
		{E4B1F051-E72C-4E0B-B9E8-87269A90D9A9}.Release|x86.ActiveCfg = Release|Any CPU
		{E4B1F051-E72C-4E0B-B9E8-87269A90D9A9}.Release|x86.Build.0 = Release|Any CPU
		{DA75654B-7569-4836-848A-5A11F51C5D92}.Debug|Any CPU.ActiveCfg = Debug|Any CPU
		{DA75654B-7569-4836-848A-5A11F51C5D92}.Debug|Any CPU.Build.0 = Debug|Any CPU
		{DA75654B-7569-4836-848A-5A11F51C5D92}.Debug|x64.ActiveCfg = Debug|Any CPU
		{DA75654B-7569-4836-848A-5A11F51C5D92}.Debug|x64.Build.0 = Debug|Any CPU
		{DA75654B-7569-4836-848A-5A11F51C5D92}.Debug|x86.ActiveCfg = Debug|Any CPU
		{DA75654B-7569-4836-848A-5A11F51C5D92}.Debug|x86.Build.0 = Debug|Any CPU
		{DA75654B-7569-4836-848A-5A11F51C5D92}.Release|Any CPU.ActiveCfg = Release|Any CPU
		{DA75654B-7569-4836-848A-5A11F51C5D92}.Release|Any CPU.Build.0 = Release|Any CPU
		{DA75654B-7569-4836-848A-5A11F51C5D92}.Release|x64.ActiveCfg = Release|Any CPU
		{DA75654B-7569-4836-848A-5A11F51C5D92}.Release|x64.Build.0 = Release|Any CPU
		{DA75654B-7569-4836-848A-5A11F51C5D92}.Release|x86.ActiveCfg = Release|Any CPU
		{DA75654B-7569-4836-848A-5A11F51C5D92}.Release|x86.Build.0 = Release|Any CPU
		{2672AEEB-2C26-44AF-8C00-8EF804044B19}.Debug|Any CPU.ActiveCfg = Debug|Any CPU
		{2672AEEB-2C26-44AF-8C00-8EF804044B19}.Debug|Any CPU.Build.0 = Debug|Any CPU
		{2672AEEB-2C26-44AF-8C00-8EF804044B19}.Debug|x64.ActiveCfg = Debug|Any CPU
		{2672AEEB-2C26-44AF-8C00-8EF804044B19}.Debug|x64.Build.0 = Debug|Any CPU
		{2672AEEB-2C26-44AF-8C00-8EF804044B19}.Debug|x86.ActiveCfg = Debug|Any CPU
		{2672AEEB-2C26-44AF-8C00-8EF804044B19}.Debug|x86.Build.0 = Debug|Any CPU
		{2672AEEB-2C26-44AF-8C00-8EF804044B19}.Release|Any CPU.ActiveCfg = Release|Any CPU
		{2672AEEB-2C26-44AF-8C00-8EF804044B19}.Release|Any CPU.Build.0 = Release|Any CPU
		{2672AEEB-2C26-44AF-8C00-8EF804044B19}.Release|x64.ActiveCfg = Release|Any CPU
		{2672AEEB-2C26-44AF-8C00-8EF804044B19}.Release|x64.Build.0 = Release|Any CPU
		{2672AEEB-2C26-44AF-8C00-8EF804044B19}.Release|x86.ActiveCfg = Release|Any CPU
		{2672AEEB-2C26-44AF-8C00-8EF804044B19}.Release|x86.Build.0 = Release|Any CPU
		{B4A799D4-0ADE-4BDA-911E-D8C260977C51}.Debug|Any CPU.ActiveCfg = Debug|Any CPU
		{B4A799D4-0ADE-4BDA-911E-D8C260977C51}.Debug|Any CPU.Build.0 = Debug|Any CPU
		{B4A799D4-0ADE-4BDA-911E-D8C260977C51}.Debug|x64.ActiveCfg = Debug|Any CPU
		{B4A799D4-0ADE-4BDA-911E-D8C260977C51}.Debug|x64.Build.0 = Debug|Any CPU
		{B4A799D4-0ADE-4BDA-911E-D8C260977C51}.Debug|x86.ActiveCfg = Debug|Any CPU
		{B4A799D4-0ADE-4BDA-911E-D8C260977C51}.Debug|x86.Build.0 = Debug|Any CPU
		{B4A799D4-0ADE-4BDA-911E-D8C260977C51}.Release|Any CPU.ActiveCfg = Release|Any CPU
		{B4A799D4-0ADE-4BDA-911E-D8C260977C51}.Release|Any CPU.Build.0 = Release|Any CPU
		{B4A799D4-0ADE-4BDA-911E-D8C260977C51}.Release|x64.ActiveCfg = Release|Any CPU
		{B4A799D4-0ADE-4BDA-911E-D8C260977C51}.Release|x64.Build.0 = Release|Any CPU
		{B4A799D4-0ADE-4BDA-911E-D8C260977C51}.Release|x86.ActiveCfg = Release|Any CPU
		{B4A799D4-0ADE-4BDA-911E-D8C260977C51}.Release|x86.Build.0 = Release|Any CPU
		{7A77398B-C40B-4EE5-9B06-B31C5E684057}.Debug|Any CPU.ActiveCfg = Debug|Any CPU
		{7A77398B-C40B-4EE5-9B06-B31C5E684057}.Debug|Any CPU.Build.0 = Debug|Any CPU
		{7A77398B-C40B-4EE5-9B06-B31C5E684057}.Debug|x64.ActiveCfg = Debug|Any CPU
		{7A77398B-C40B-4EE5-9B06-B31C5E684057}.Debug|x64.Build.0 = Debug|Any CPU
		{7A77398B-C40B-4EE5-9B06-B31C5E684057}.Debug|x86.ActiveCfg = Debug|Any CPU
		{7A77398B-C40B-4EE5-9B06-B31C5E684057}.Debug|x86.Build.0 = Debug|Any CPU
		{7A77398B-C40B-4EE5-9B06-B31C5E684057}.Release|Any CPU.ActiveCfg = Release|Any CPU
		{7A77398B-C40B-4EE5-9B06-B31C5E684057}.Release|Any CPU.Build.0 = Release|Any CPU
		{7A77398B-C40B-4EE5-9B06-B31C5E684057}.Release|x64.ActiveCfg = Release|Any CPU
		{7A77398B-C40B-4EE5-9B06-B31C5E684057}.Release|x64.Build.0 = Release|Any CPU
		{7A77398B-C40B-4EE5-9B06-B31C5E684057}.Release|x86.ActiveCfg = Release|Any CPU
		{7A77398B-C40B-4EE5-9B06-B31C5E684057}.Release|x86.Build.0 = Release|Any CPU
		{3031B98C-7041-49EB-97B4-09A28C19E563}.Debug|Any CPU.ActiveCfg = Debug|Any CPU
		{3031B98C-7041-49EB-97B4-09A28C19E563}.Debug|Any CPU.Build.0 = Debug|Any CPU
		{3031B98C-7041-49EB-97B4-09A28C19E563}.Debug|x64.ActiveCfg = Debug|Any CPU
		{3031B98C-7041-49EB-97B4-09A28C19E563}.Debug|x64.Build.0 = Debug|Any CPU
		{3031B98C-7041-49EB-97B4-09A28C19E563}.Debug|x86.ActiveCfg = Debug|Any CPU
		{3031B98C-7041-49EB-97B4-09A28C19E563}.Debug|x86.Build.0 = Debug|Any CPU
		{3031B98C-7041-49EB-97B4-09A28C19E563}.Release|Any CPU.ActiveCfg = Release|Any CPU
		{3031B98C-7041-49EB-97B4-09A28C19E563}.Release|Any CPU.Build.0 = Release|Any CPU
		{3031B98C-7041-49EB-97B4-09A28C19E563}.Release|x64.ActiveCfg = Release|Any CPU
		{3031B98C-7041-49EB-97B4-09A28C19E563}.Release|x64.Build.0 = Release|Any CPU
		{3031B98C-7041-49EB-97B4-09A28C19E563}.Release|x86.ActiveCfg = Release|Any CPU
		{3031B98C-7041-49EB-97B4-09A28C19E563}.Release|x86.Build.0 = Release|Any CPU
		{EDBB61C1-3BF4-430D-AB28-D0CC36C4127F}.Debug|Any CPU.ActiveCfg = Debug|Any CPU
		{EDBB61C1-3BF4-430D-AB28-D0CC36C4127F}.Debug|Any CPU.Build.0 = Debug|Any CPU
		{EDBB61C1-3BF4-430D-AB28-D0CC36C4127F}.Debug|x64.ActiveCfg = Debug|Any CPU
		{EDBB61C1-3BF4-430D-AB28-D0CC36C4127F}.Debug|x64.Build.0 = Debug|Any CPU
		{EDBB61C1-3BF4-430D-AB28-D0CC36C4127F}.Debug|x86.ActiveCfg = Debug|Any CPU
		{EDBB61C1-3BF4-430D-AB28-D0CC36C4127F}.Debug|x86.Build.0 = Debug|Any CPU
		{EDBB61C1-3BF4-430D-AB28-D0CC36C4127F}.Release|Any CPU.ActiveCfg = Release|Any CPU
		{EDBB61C1-3BF4-430D-AB28-D0CC36C4127F}.Release|Any CPU.Build.0 = Release|Any CPU
		{EDBB61C1-3BF4-430D-AB28-D0CC36C4127F}.Release|x64.ActiveCfg = Release|Any CPU
		{EDBB61C1-3BF4-430D-AB28-D0CC36C4127F}.Release|x64.Build.0 = Release|Any CPU
		{EDBB61C1-3BF4-430D-AB28-D0CC36C4127F}.Release|x86.ActiveCfg = Release|Any CPU
		{EDBB61C1-3BF4-430D-AB28-D0CC36C4127F}.Release|x86.Build.0 = Release|Any CPU
		{55C62B79-C4A9-4A39-BDA3-04042BE043CB}.Debug|Any CPU.ActiveCfg = Debug|Any CPU
		{55C62B79-C4A9-4A39-BDA3-04042BE043CB}.Debug|Any CPU.Build.0 = Debug|Any CPU
		{55C62B79-C4A9-4A39-BDA3-04042BE043CB}.Debug|x64.ActiveCfg = Debug|Any CPU
		{55C62B79-C4A9-4A39-BDA3-04042BE043CB}.Debug|x64.Build.0 = Debug|Any CPU
		{55C62B79-C4A9-4A39-BDA3-04042BE043CB}.Debug|x86.ActiveCfg = Debug|Any CPU
		{55C62B79-C4A9-4A39-BDA3-04042BE043CB}.Debug|x86.Build.0 = Debug|Any CPU
		{55C62B79-C4A9-4A39-BDA3-04042BE043CB}.Release|Any CPU.ActiveCfg = Release|Any CPU
		{55C62B79-C4A9-4A39-BDA3-04042BE043CB}.Release|Any CPU.Build.0 = Release|Any CPU
		{55C62B79-C4A9-4A39-BDA3-04042BE043CB}.Release|x64.ActiveCfg = Release|Any CPU
		{55C62B79-C4A9-4A39-BDA3-04042BE043CB}.Release|x64.Build.0 = Release|Any CPU
		{55C62B79-C4A9-4A39-BDA3-04042BE043CB}.Release|x86.ActiveCfg = Release|Any CPU
		{55C62B79-C4A9-4A39-BDA3-04042BE043CB}.Release|x86.Build.0 = Release|Any CPU
	EndGlobalSection
	GlobalSection(SolutionProperties) = preSolution
		HideSolutionNode = FALSE
	EndGlobalSection
	GlobalSection(NestedProjects) = preSolution
		{9D0C75D3-8A67-49B2-B58C-C57CAEC6F4FC} = {4F52FD11-658E-A102-6CD3-7D7C16FFA15B}
		{1F21A2CF-B462-4165-AFB6-B8DA70B8AD94} = {4F52FD11-658E-A102-6CD3-7D7C16FFA15B}
		{F020F384-D81A-49AD-A27F-38EEE4B254CA} = {0AB3BF05-4346-4AA6-1389-037BE0695223}
		{275C1BD9-7F8C-4A1D-B6C8-8609E67EE966} = {0AB3BF05-4346-4AA6-1389-037BE0695223}
		{306E8BBE-978B-4418-996F-4FC05739AADA} = {4F52FD11-658E-A102-6CD3-7D7C16FFA15B}
		{F11ABCB9-0EA1-4695-82EA-94D571627E46} = {E54149B9-7F22-367F-9CC5-FD829E3AA07B}
		{4AB31DCB-069D-43F1-B67E-4F8DA8675EB7} = {0AB3BF05-4346-4AA6-1389-037BE0695223}
		{06C2415A-D041-43EF-BD15-E1F0E9B92D1F} = {4F52FD11-658E-A102-6CD3-7D7C16FFA15B}
		{3E8A56D7-BE4C-48E3-A70D-58A7F490673C} = {0AB3BF05-4346-4AA6-1389-037BE0695223}
		{FDB24A8E-BCA5-4E94-A8BB-7CD2705C1D74} = {DFEE68D8-A7D0-1A41-506C-9B74AA9A7B7B}
		{EB1A4B64-2C6C-4BFA-8741-711F23B9BB7E} = {0AB3BF05-4346-4AA6-1389-037BE0695223}
		{23AD259B-2CE7-435E-AFD3-3E7AE743C363} = {0AB3BF05-4346-4AA6-1389-037BE0695223}
		{6A87138D-C833-44DB-9C12-1DC68D55C410} = {0AB3BF05-4346-4AA6-1389-037BE0695223}
		{A5DE3A65-9B07-4BBD-B9F3-1358CB01C356} = {E54149B9-7F22-367F-9CC5-FD829E3AA07B}
		{59E76375-4170-4E32-B988-3A652B3997BC} = {0AB3BF05-4346-4AA6-1389-037BE0695223}
		{58020CE7-AEC7-4332-96E7-8E152CAE4A25} = {37F61B1F-7B2D-C70A-2176-B3B271E5A998}
		{79E5FA1E-CAC9-4B6E-9679-254E4F5E6DA2} = {0AB3BF05-4346-4AA6-1389-037BE0695223}
		{905B2783-9C43-92DA-30E4-6F9E435459FB} = {1787FE1D-075E-9E68-7218-25F1BD1BBEAB}
		{645995FA-5A17-4537-9AA6-9C3408EF7296} = {905B2783-9C43-92DA-30E4-6F9E435459FB}
		{F8576A76-F4E3-4CED-AF6D-106116A15E80} = {0AB3BF05-4346-4AA6-1389-037BE0695223}
		{F5DE920E-CA3C-B25E-1965-B1383162EE01} = {1787FE1D-075E-9E68-7218-25F1BD1BBEAB}
		{1861FF58-F728-4A04-9E60-F85749EE604A} = {F5DE920E-CA3C-B25E-1965-B1383162EE01}
		{5DD43FB8-C298-4EF2-9DAD-E36C9A3044E8} = {F5DE920E-CA3C-B25E-1965-B1383162EE01}
		{FF3940F3-A259-45E9-8047-877379C8020E} = {F5DE920E-CA3C-B25E-1965-B1383162EE01}
		{6AEEF6B0-0216-4D00-9911-BB24A441919B} = {F5DE920E-CA3C-B25E-1965-B1383162EE01}
		{E4B1F051-E72C-4E0B-B9E8-87269A90D9A9} = {F5DE920E-CA3C-B25E-1965-B1383162EE01}
		{DA75654B-7569-4836-848A-5A11F51C5D92} = {0AB3BF05-4346-4AA6-1389-037BE0695223}
		{2672AEEB-2C26-44AF-8C00-8EF804044B19} = {905B2783-9C43-92DA-30E4-6F9E435459FB}
		{B4A799D4-0ADE-4BDA-911E-D8C260977C51} = {0AB3BF05-4346-4AA6-1389-037BE0695223}
		{7A77398B-C40B-4EE5-9B06-B31C5E684057} = {905B2783-9C43-92DA-30E4-6F9E435459FB}
		{3031B98C-7041-49EB-97B4-09A28C19E563} = {0AB3BF05-4346-4AA6-1389-037BE0695223}
		{25068686-72C8-8641-69C0-CD8FCC78F076} = {1787FE1D-075E-9E68-7218-25F1BD1BBEAB}
		{EDBB61C1-3BF4-430D-AB28-D0CC36C4127F} = {25068686-72C8-8641-69C0-CD8FCC78F076}
		{55C62B79-C4A9-4A39-BDA3-04042BE043CB} = {0AB3BF05-4346-4AA6-1389-037BE0695223}
	EndGlobalSection
EndGlobal
