
Microsoft Visual Studio Solution File, Format Version 12.00
# Visual Studio Version 17
VisualStudioVersion = 17.0.31903.59
MinimumVisualStudioVersion = 10.0.40219.1
Project("{2150E333-8FDC-42A3-9474-1A3956D46DE8}") = "Shared", "Shared", "{4F52FD11-658E-A102-6CD3-7D7C16FFA15B}"
EndProject
Project("{FAE04EC0-301F-11D3-BF4B-00C04F79EFBC}") = "HackerOs.App.Abstractions", "Shared\HackerOs.App.Abstractions\HackerOs.App.Abstractions.csproj", "{9D0C75D3-8A67-49B2-B58C-C57CAEC6F4FC}"
EndProject
Project("{FAE04EC0-301F-11D3-BF4B-00C04F79EFBC}") = "HackerOs.AppSdk", "Shared\HackerOs.AppSdk\HackerOs.AppSdk.csproj", "{1F21A2CF-B462-4165-AFB6-B8DA70B8AD94}"
EndProject
Project("{2150E333-8FDC-42A3-9474-1A3956D46DE8}") = "Tests", "Tests", "{0AB3BF05-4346-4AA6-1389-037BE0695223}"
EndProject
Project("{FAE04EC0-301F-11D3-BF4B-00C04F79EFBC}") = "HackerOs.App.Abstractions.Tests", "Tests\HackerOs.App.Abstractions.Tests\HackerOs.App.Abstractions.Tests.csproj", "{F020F384-D81A-49AD-A27F-38EEE4B254CA}"
EndProject
Project("{FAE04EC0-301F-11D3-BF4B-00C04F79EFBC}") = "HackerOs.AppSdk.Tests", "Tests\HackerOs.AppSdk.Tests\HackerOs.AppSdk.Tests.csproj", "{275C1BD9-7F8C-4A1D-B6C8-8609E67EE966}"
EndProject
Project("{FAE04EC0-301F-11D3-BF4B-00C04F79EFBC}") = "HackerOs.Simulation.Abstractions", "Shared\HackerOs.Simulation.Abstractions\HackerOs.Simulation.Abstractions.csproj", "{306E8BBE-978B-4418-996F-4FC05739AADA}"
EndProject
Project("{2150E333-8FDC-42A3-9474-1A3956D46DE8}") = "Platform", "Platform", "{E54149B9-7F22-367F-9CC5-FD829E3AA07B}"
EndProject
Project("{FAE04EC0-301F-11D3-BF4B-00C04F79EFBC}") = "HackerOs.Platform.Core", "Platform\HackerOs.Platform.Core\HackerOs.Platform.Core.csproj", "{F11ABCB9-0EA1-4695-82EA-94D571627E46}"
EndProject
Project("{FAE04EC0-301F-11D3-BF4B-00C04F79EFBC}") = "HackerOs.Platform.Core.Tests", "Tests\HackerOs.Platform.Core.Tests\HackerOs.Platform.Core.Tests.csproj", "{4AB31DCB-069D-43F1-B67E-4F8DA8675EB7}"
EndProject
Project("{FAE04EC0-301F-11D3-BF4B-00C04F79EFBC}") = "HackerOs.AppSdk.Blazor", "Shared\HackerOs.AppSdk.Blazor\HackerOs.AppSdk.Blazor.csproj", "{06C2415A-D041-43EF-BD15-E1F0E9B92D1F}"
EndProject
Project("{FAE04EC0-301F-11D3-BF4B-00C04F79EFBC}") = "HackerOs.AppSdk.Blazor.Tests", "Tests\HackerOs.AppSdk.Blazor.Tests\HackerOs.AppSdk.Blazor.Tests.csproj", "{3E8A56D7-BE4C-48E3-A70D-58A7F490673C}"
EndProject
Project("{2150E333-8FDC-42A3-9474-1A3956D46DE8}") = "Infrastructure", "Infrastructure", "{DFEE68D8-A7D0-1A41-506C-9B74AA9A7B7B}"
EndProject
Project("{FAE04EC0-301F-11D3-BF4B-00C04F79EFBC}") = "HackerOs.Infrastructure.Browser", "Infrastructure\HackerOs.Infrastructure.Browser\HackerOs.Infrastructure.Browser.csproj", "{FDB24A8E-BCA5-4E94-A8BB-7CD2705C1D74}"
EndProject
Project("{FAE04EC0-301F-11D3-BF4B-00C04F79EFBC}") = "HackerOs.Infrastructure.Browser.Tests", "Tests\HackerOs.Infrastructure.Browser.Tests\HackerOs.Infrastructure.Browser.Tests.csproj", "{EB1A4B64-2C6C-4BFA-8741-711F23B9BB7E}"
EndProject
Project("{FAE04EC0-301F-11D3-BF4B-00C04F79EFBC}") = "HackerOs.BrowserHarness.Tests", "Tests\HackerOs.BrowserHarness.Tests\HackerOs.BrowserHarness.Tests.csproj", "{23AD259B-2CE7-435E-AFD3-3E7AE743C363}"
EndProject
Project("{FAE04EC0-301F-11D3-BF4B-00C04F79EFBC}") = "HackerOs.E2E.Tests", "Tests\HackerOs.E2E.Tests\HackerOs.E2E.Tests.csproj", "{6A87138D-C833-44DB-9C12-1DC68D55C410}"
EndProject
Project("{FAE04EC0-301F-11D3-BF4B-00C04F79EFBC}") = "HackerOs.Platform.Blazor", "Platform\HackerOs.Platform.Blazor\HackerOs.Platform.Blazor.csproj", "{A5DE3A65-9B07-4BBD-B9F3-1358CB01C356}"
EndProject
Project("{FAE04EC0-301F-11D3-BF4B-00C04F79EFBC}") = "HackerOs.Platform.Blazor.Tests", "Tests\HackerOs.Platform.Blazor.Tests\HackerOs.Platform.Blazor.Tests.csproj", "{59E76375-4170-4E32-B988-3A652B3997BC}"
EndProject
Project("{2150E333-8FDC-42A3-9474-1A3956D46DE8}") = "OS", "OS", "{37F61B1F-7B2D-C70A-2176-B3B271E5A998}"
EndProject
Project("{FAE04EC0-301F-11D3-BF4B-00C04F79EFBC}") = "HackerOs.Ecosystem", "OS\HackerOs.Ecosystem\HackerOs.Ecosystem.csproj", "{58020CE7-AEC7-4332-96E7-8E152CAE4A25}"
EndProject
Project("{FAE04EC0-301F-11D3-BF4B-00C04F79EFBC}") = "HackerOs.Ecosystem.Tests", "Tests\HackerOs.Ecosystem.Tests\HackerOs.Ecosystem.Tests.csproj", "{79E5FA1E-CAC9-4B6E-9679-254E4F5E6DA2}"
EndProject
Global
	GlobalSection(SolutionConfigurationPlatforms) = preSolution
		Debug|Any CPU = Debug|Any CPU
		Debug|x64 = Debug|x64
		Debug|x86 = Debug|x86
		Release|Any CPU = Release|Any CPU
		Release|x64 = Release|x64
		Release|x86 = Release|x86
	EndGlobalSection
	GlobalSection(ProjectConfigurationPlatforms) = postSolution
		{9D0C75D3-8A67-49B2-B58C-C57CAEC6F4FC}.Debug|Any CPU.ActiveCfg = Debug|Any CPU
		{9D0C75D3-8A67-49B2-B58C-C57CAEC6F4FC}.Debug|Any CPU.Build.0 = Debug|Any CPU
		{9D0C75D3-8A67-49B2-B58C-C57CAEC6F4FC}.Debug|x64.ActiveCfg = Debug|Any CPU
		{9D0C75D3-8A67-49B2-B58C-C57CAEC6F4FC}.Debug|x64.Build.0 = Debug|Any CPU
		{9D0C75D3-8A67-49B2-B58C-C57CAEC6F4FC}.Debug|x86.ActiveCfg = Debug|Any CPU
		{9D0C75D3-8A67-49B2-B58C-C57CAEC6F4FC}.Debug|x86.Build.0 = Debug|Any CPU
		{9D0C75D3-8A67-49B2-B58C-C57CAEC6F4FC}.Release|Any CPU.ActiveCfg = Release|Any CPU
		{9D0C75D3-8A67-49B2-B58C-C57CAEC6F4FC}.Release|Any CPU.Build.0 = Release|Any CPU
		{9D0C75D3-8A67-49B2-B58C-C57CAEC6F4FC}.Release|x64.ActiveCfg = Release|Any CPU
		{9D0C75D3-8A67-49B2-B58C-C57CAEC6F4FC}.Release|x64.Build.0 = Release|Any CPU
		{9D0C75D3-8A67-49B2-B58C-C57CAEC6F4FC}.Release|x86.ActiveCfg = Release|Any CPU
		{9D0C75D3-8A67-49B2-B58C-C57CAEC6F4FC}.Release|x86.Build.0 = Release|Any CPU
		{1F21A2CF-B462-4165-AFB6-B8DA70B8AD94}.Debug|Any CPU.ActiveCfg = Debug|Any CPU
		{1F21A2CF-B462-4165-AFB6-B8DA70B8AD94}.Debug|Any CPU.Build.0 = Debug|Any CPU
		{1F21A2CF-B462-4165-AFB6-B8DA70B8AD94}.Debug|x64.ActiveCfg = Debug|Any CPU
		{1F21A2CF-B462-4165-AFB6-B8DA70B8AD94}.Debug|x64.Build.0 = Debug|Any CPU
		{1F21A2CF-B462-4165-AFB6-B8DA70B8AD94}.Debug|x86.ActiveCfg = Debug|Any CPU
		{1F21A2CF-B462-4165-AFB6-B8DA70B8AD94}.Debug|x86.Build.0 = Debug|Any CPU
		{1F21A2CF-B462-4165-AFB6-B8DA70B8AD94}.Release|Any CPU.ActiveCfg = Release|Any CPU
		{1F21A2CF-B462-4165-AFB6-B8DA70B8AD94}.Release|Any CPU.Build.0 = Release|Any CPU
		{1F21A2CF-B462-4165-AFB6-B8DA70B8AD94}.Release|x64.ActiveCfg = Release|Any CPU
		{1F21A2CF-B462-4165-AFB6-B8DA70B8AD94}.Release|x64.Build.0 = Release|Any CPU
		{1F21A2CF-B462-4165-AFB6-B8DA70B8AD94}.Release|x86.ActiveCfg = Release|Any CPU
		{1F21A2CF-B462-4165-AFB6-B8DA70B8AD94}.Release|x86.Build.0 = Release|Any CPU
		{F020F384-D81A-49AD-A27F-38EEE4B254CA}.Debug|Any CPU.ActiveCfg = Debug|Any CPU
		{F020F384-D81A-49AD-A27F-38EEE4B254CA}.Debug|Any CPU.Build.0 = Debug|Any CPU
		{F020F384-D81A-49AD-A27F-38EEE4B254CA}.Debug|x64.ActiveCfg = Debug|Any CPU
		{F020F384-D81A-49AD-A27F-38EEE4B254CA}.Debug|x64.Build.0 = Debug|Any CPU
		{F020F384-D81A-49AD-A27F-38EEE4B254CA}.Debug|x86.ActiveCfg = Debug|Any CPU
		{F020F384-D81A-49AD-A27F-38EEE4B254CA}.Debug|x86.Build.0 = Debug|Any CPU
		{F020F384-D81A-49AD-A27F-38EEE4B254CA}.Release|Any CPU.ActiveCfg = Release|Any CPU
		{F020F384-D81A-49AD-A27F-38EEE4B254CA}.Release|Any CPU.Build.0 = Release|Any CPU
		{F020F384-D81A-49AD-A27F-38EEE4B254CA}.Release|x64.ActiveCfg = Release|Any CPU
		{F020F384-D81A-49AD-A27F-38EEE4B254CA}.Release|x64.Build.0 = Release|Any CPU
		{F020F384-D81A-49AD-A27F-38EEE4B254CA}.Release|x86.ActiveCfg = Release|Any CPU
		{F020F384-D81A-49AD-A27F-38EEE4B254CA}.Release|x86.Build.0 = Release|Any CPU
		{275C1BD9-7F8C-4A1D-B6C8-8609E67EE966}.Debug|Any CPU.ActiveCfg = Debug|Any CPU
		{275C1BD9-7F8C-4A1D-B6C8-8609E67EE966}.Debug|Any CPU.Build.0 = Debug|Any CPU
		{275C1BD9-7F8C-4A1D-B6C8-8609E67EE966}.Debug|x64.ActiveCfg = Debug|Any CPU
		{275C1BD9-7F8C-4A1D-B6C8-8609E67EE966}.Debug|x64.Build.0 = Debug|Any CPU
		{275C1BD9-7F8C-4A1D-B6C8-8609E67EE966}.Debug|x86.ActiveCfg = Debug|Any CPU
		{275C1BD9-7F8C-4A1D-B6C8-8609E67EE966}.Debug|x86.Build.0 = Debug|Any CPU
		{275C1BD9-7F8C-4A1D-B6C8-8609E67EE966}.Release|Any CPU.ActiveCfg = Release|Any CPU
		{275C1BD9-7F8C-4A1D-B6C8-8609E67EE966}.Release|Any CPU.Build.0 = Release|Any CPU
		{275C1BD9-7F8C-4A1D-B6C8-8609E67EE966}.Release|x64.ActiveCfg = Release|Any CPU
		{275C1BD9-7F8C-4A1D-B6C8-8609E67EE966}.Release|x64.Build.0 = Release|Any CPU
		{275C1BD9-7F8C-4A1D-B6C8-8609E67EE966}.Release|x86.ActiveCfg = Release|Any CPU
		{275C1BD9-7F8C-4A1D-B6C8-8609E67EE966}.Release|x86.Build.0 = Release|Any CPU
		{306E8BBE-978B-4418-996F-4FC05739AADA}.Debug|Any CPU.ActiveCfg = Debug|Any CPU
		{306E8BBE-978B-4418-996F-4FC05739AADA}.Debug|Any CPU.Build.0 = Debug|Any CPU
		{306E8BBE-978B-4418-996F-4FC05739AADA}.Debug|x64.ActiveCfg = Debug|Any CPU
		{306E8BBE-978B-4418-996F-4FC05739AADA}.Debug|x64.Build.0 = Debug|Any CPU
		{306E8BBE-978B-4418-996F-4FC05739AADA}.Debug|x86.ActiveCfg = Debug|Any CPU
		{306E8BBE-978B-4418-996F-4FC05739AADA}.Debug|x86.Build.0 = Debug|Any CPU
		{306E8BBE-978B-4418-996F-4FC05739AADA}.Release|Any CPU.ActiveCfg = Release|Any CPU
		{306E8BBE-978B-4418-996F-4FC05739AADA}.Release|Any CPU.Build.0 = Release|Any CPU
		{306E8BBE-978B-4418-996F-4FC05739AADA}.Release|x64.ActiveCfg = Release|Any CPU
		{306E8BBE-978B-4418-996F-4FC05739AADA}.Release|x64.Build.0 = Release|Any CPU
		{306E8BBE-978B-4418-996F-4FC05739AADA}.Release|x86.ActiveCfg = Release|Any CPU
		{306E8BBE-978B-4418-996F-4FC05739AADA}.Release|x86.Build.0 = Release|Any CPU
		{F11ABCB9-0EA1-4695-82EA-94D571627E46}.Debug|Any CPU.ActiveCfg = Debug|Any CPU
		{F11ABCB9-0EA1-4695-82EA-94D571627E46}.Debug|Any CPU.Build.0 = Debug|Any CPU
		{F11ABCB9-0EA1-4695-82EA-94D571627E46}.Debug|x64.ActiveCfg = Debug|Any CPU
		{F11ABCB9-0EA1-4695-82EA-94D571627E46}.Debug|x64.Build.0 = Debug|Any CPU
		{F11ABCB9-0EA1-4695-82EA-94D571627E46}.Debug|x86.ActiveCfg = Debug|Any CPU
		{F11ABCB9-0EA1-4695-82EA-94D571627E46}.Debug|x86.Build.0 = Debug|Any CPU
		{F11ABCB9-0EA1-4695-82EA-94D571627E46}.Release|Any CPU.ActiveCfg = Release|Any CPU
		{F11ABCB9-0EA1-4695-82EA-94D571627E46}.Release|Any CPU.Build.0 = Release|Any CPU
		{F11ABCB9-0EA1-4695-82EA-94D571627E46}.Release|x64.ActiveCfg = Release|Any CPU
		{F11ABCB9-0EA1-4695-82EA-94D571627E46}.Release|x64.Build.0 = Release|Any CPU
		{F11ABCB9-0EA1-4695-82EA-94D571627E46}.Release|x86.ActiveCfg = Release|Any CPU
		{F11ABCB9-0EA1-4695-82EA-94D571627E46}.Release|x86.Build.0 = Release|Any CPU
		{4AB31DCB-069D-43F1-B67E-4F8DA8675EB7}.Debug|Any CPU.ActiveCfg = Debug|Any CPU
		{4AB31DCB-069D-43F1-B67E-4F8DA8675EB7}.Debug|Any CPU.Build.0 = Debug|Any CPU
		{4AB31DCB-069D-43F1-B67E-4F8DA8675EB7}.Debug|x64.ActiveCfg = Debug|Any CPU
		{4AB31DCB-069D-43F1-B67E-4F8DA8675EB7}.Debug|x64.Build.0 = Debug|Any CPU
		{4AB31DCB-069D-43F1-B67E-4F8DA8675EB7}.Debug|x86.ActiveCfg = Debug|Any CPU
		{4AB31DCB-069D-43F1-B67E-4F8DA8675EB7}.Debug|x86.Build.0 = Debug|Any CPU
		{4AB31DCB-069D-43F1-B67E-4F8DA8675EB7}.Release|Any CPU.ActiveCfg = Release|Any CPU
		{4AB31DCB-069D-43F1-B67E-4F8DA8675EB7}.Release|Any CPU.Build.0 = Release|Any CPU
		{4AB31DCB-069D-43F1-B67E-4F8DA8675EB7}.Release|x64.ActiveCfg = Release|Any CPU
		{4AB31DCB-069D-43F1-B67E-4F8DA8675EB7}.Release|x64.Build.0 = Release|Any CPU
		{4AB31DCB-069D-43F1-B67E-4F8DA8675EB7}.Release|x86.ActiveCfg = Release|Any CPU
		{4AB31DCB-069D-43F1-B67E-4F8DA8675EB7}.Release|x86.Build.0 = Release|Any CPU
		{06C2415A-D041-43EF-BD15-E1F0E9B92D1F}.Debug|Any CPU.ActiveCfg = Debug|Any CPU
		{06C2415A-D041-43EF-BD15-E1F0E9B92D1F}.Debug|Any CPU.Build.0 = Debug|Any CPU
		{06C2415A-D041-43EF-BD15-E1F0E9B92D1F}.Debug|x64.ActiveCfg = Debug|Any CPU
		{06C2415A-D041-43EF-BD15-E1F0E9B92D1F}.Debug|x64.Build.0 = Debug|Any CPU
		{06C2415A-D041-43EF-BD15-E1F0E9B92D1F}.Debug|x86.ActiveCfg = Debug|Any CPU
		{06C2415A-D041-43EF-BD15-E1F0E9B92D1F}.Debug|x86.Build.0 = Debug|Any CPU
		{06C2415A-D041-43EF-BD15-E1F0E9B92D1F}.Release|Any CPU.ActiveCfg = Release|Any CPU
		{06C2415A-D041-43EF-BD15-E1F0E9B92D1F}.Release|Any CPU.Build.0 = Release|Any CPU
		{06C2415A-D041-43EF-BD15-E1F0E9B92D1F}.Release|x64.ActiveCfg = Release|Any CPU
		{06C2415A-D041-43EF-BD15-E1F0E9B92D1F}.Release|x64.Build.0 = Release|Any CPU
		{06C2415A-D041-43EF-BD15-E1F0E9B92D1F}.Release|x86.ActiveCfg = Release|Any CPU
		{06C2415A-D041-43EF-BD15-E1F0E9B92D1F}.Release|x86.Build.0 = Release|Any CPU
		{3E8A56D7-BE4C-48E3-A70D-58A7F490673C}.Debug|Any CPU.ActiveCfg = Debug|Any CPU
		{3E8A56D7-BE4C-48E3-A70D-58A7F490673C}.Debug|Any CPU.Build.0 = Debug|Any CPU
		{3E8A56D7-BE4C-48E3-A70D-58A7F490673C}.Debug|x64.ActiveCfg = Debug|Any CPU
		{3E8A56D7-BE4C-48E3-A70D-58A7F490673C}.Debug|x64.Build.0 = Debug|Any CPU
		{3E8A56D7-BE4C-48E3-A70D-58A7F490673C}.Debug|x86.ActiveCfg = Debug|Any CPU
		{3E8A56D7-BE4C-48E3-A70D-58A7F490673C}.Debug|x86.Build.0 = Debug|Any CPU
		{3E8A56D7-BE4C-48E3-A70D-58A7F490673C}.Release|Any CPU.ActiveCfg = Release|Any CPU
		{3E8A56D7-BE4C-48E3-A70D-58A7F490673C}.Release|Any CPU.Build.0 = Release|Any CPU
		{3E8A56D7-BE4C-48E3-A70D-58A7F490673C}.Release|x64.ActiveCfg = Release|Any CPU
		{3E8A56D7-BE4C-48E3-A70D-58A7F490673C}.Release|x64.Build.0 = Release|Any CPU
		{3E8A56D7-BE4C-48E3-A70D-58A7F490673C}.Release|x86.ActiveCfg = Release|Any CPU
		{3E8A56D7-BE4C-48E3-A70D-58A7F490673C}.Release|x86.Build.0 = Release|Any CPU
		{FDB24A8E-BCA5-4E94-A8BB-7CD2705C1D74}.Debug|Any CPU.ActiveCfg = Debug|Any CPU
		{FDB24A8E-BCA5-4E94-A8BB-7CD2705C1D74}.Debug|Any CPU.Build.0 = Debug|Any CPU
		{FDB24A8E-BCA5-4E94-A8BB-7CD2705C1D74}.Debug|x64.ActiveCfg = Debug|Any CPU
		{FDB24A8E-BCA5-4E94-A8BB-7CD2705C1D74}.Debug|x64.Build.0 = Debug|Any CPU
		{FDB24A8E-BCA5-4E94-A8BB-7CD2705C1D74}.Debug|x86.ActiveCfg = Debug|Any CPU
		{FDB24A8E-BCA5-4E94-A8BB-7CD2705C1D74}.Debug|x86.Build.0 = Debug|Any CPU
		{FDB24A8E-BCA5-4E94-A8BB-7CD2705C1D74}.Release|Any CPU.ActiveCfg = Release|Any CPU
		{FDB24A8E-BCA5-4E94-A8BB-7CD2705C1D74}.Release|Any CPU.Build.0 = Release|Any CPU
		{FDB24A8E-BCA5-4E94-A8BB-7CD2705C1D74}.Release|x64.ActiveCfg = Release|Any CPU
		{FDB24A8E-BCA5-4E94-A8BB-7CD2705C1D74}.Release|x64.Build.0 = Release|Any CPU
		{FDB24A8E-BCA5-4E94-A8BB-7CD2705C1D74}.Release|x86.ActiveCfg = Release|Any CPU
		{FDB24A8E-BCA5-4E94-A8BB-7CD2705C1D74}.Release|x86.Build.0 = Release|Any CPU
		{EB1A4B64-2C6C-4BFA-8741-711F23B9BB7E}.Debug|Any CPU.ActiveCfg = Debug|Any CPU
		{EB1A4B64-2C6C-4BFA-8741-711F23B9BB7E}.Debug|Any CPU.Build.0 = Debug|Any CPU
		{EB1A4B64-2C6C-4BFA-8741-711F23B9BB7E}.Debug|x64.ActiveCfg = Debug|Any CPU
		{EB1A4B64-2C6C-4BFA-8741-711F23B9BB7E}.Debug|x64.Build.0 = Debug|Any CPU
		{EB1A4B64-2C6C-4BFA-8741-711F23B9BB7E}.Debug|x86.ActiveCfg = Debug|Any CPU
		{EB1A4B64-2C6C-4BFA-8741-711F23B9BB7E}.Debug|x86.Build.0 = Debug|Any CPU
		{EB1A4B64-2C6C-4BFA-8741-711F23B9BB7E}.Release|Any CPU.ActiveCfg = Release|Any CPU
		{EB1A4B64-2C6C-4BFA-8741-711F23B9BB7E}.Release|Any CPU.Build.0 = Release|Any CPU
		{EB1A4B64-2C6C-4BFA-8741-711F23B9BB7E}.Release|x64.ActiveCfg = Release|Any CPU
		{EB1A4B64-2C6C-4BFA-8741-711F23B9BB7E}.Release|x64.Build.0 = Release|Any CPU
		{EB1A4B64-2C6C-4BFA-8741-711F23B9BB7E}.Release|x86.ActiveCfg = Release|Any CPU
		{EB1A4B64-2C6C-4BFA-8741-711F23B9BB7E}.Release|x86.Build.0 = Release|Any CPU
		{23AD259B-2CE7-435E-AFD3-3E7AE743C363}.Debug|Any CPU.ActiveCfg = Debug|Any CPU
		{23AD259B-2CE7-435E-AFD3-3E7AE743C363}.Debug|Any CPU.Build.0 = Debug|Any CPU
		{23AD259B-2CE7-435E-AFD3-3E7AE743C363}.Debug|x64.ActiveCfg = Debug|Any CPU
		{23AD259B-2CE7-435E-AFD3-3E7AE743C363}.Debug|x64.Build.0 = Debug|Any CPU
		{23AD259B-2CE7-435E-AFD3-3E7AE743C363}.Debug|x86.ActiveCfg = Debug|Any CPU
		{23AD259B-2CE7-435E-AFD3-3E7AE743C363}.Debug|x86.Build.0 = Debug|Any CPU
		{23AD259B-2CE7-435E-AFD3-3E7AE743C363}.Release|Any CPU.ActiveCfg = Release|Any CPU
		{23AD259B-2CE7-435E-AFD3-3E7AE743C363}.Release|Any CPU.Build.0 = Release|Any CPU
		{23AD259B-2CE7-435E-AFD3-3E7AE743C363}.Release|x64.ActiveCfg = Release|Any CPU
		{23AD259B-2CE7-435E-AFD3-3E7AE743C363}.Release|x64.Build.0 = Release|Any CPU
		{23AD259B-2CE7-435E-AFD3-3E7AE743C363}.Release|x86.ActiveCfg = Release|Any CPU
		{23AD259B-2CE7-435E-AFD3-3E7AE743C363}.Release|x86.Build.0 = Release|Any CPU
		{6A87138D-C833-44DB-9C12-1DC68D55C410}.Debug|Any CPU.ActiveCfg = Debug|Any CPU
		{6A87138D-C833-44DB-9C12-1DC68D55C410}.Debug|Any CPU.Build.0 = Debug|Any CPU
		{6A87138D-C833-44DB-9C12-1DC68D55C410}.Debug|x64.ActiveCfg = Debug|Any CPU
		{6A87138D-C833-44DB-9C12-1DC68D55C410}.Debug|x64.Build.0 = Debug|Any CPU
		{6A87138D-C833-44DB-9C12-1DC68D55C410}.Debug|x86.ActiveCfg = Debug|Any CPU
		{6A87138D-C833-44DB-9C12-1DC68D55C410}.Debug|x86.Build.0 = Debug|Any CPU
		{6A87138D-C833-44DB-9C12-1DC68D55C410}.Release|Any CPU.ActiveCfg = Release|Any CPU
		{6A87138D-C833-44DB-9C12-1DC68D55C410}.Release|Any CPU.Build.0 = Release|Any CPU
		{6A87138D-C833-44DB-9C12-1DC68D55C410}.Release|x64.ActiveCfg = Release|Any CPU
		{6A87138D-C833-44DB-9C12-1DC68D55C410}.Release|x64.Build.0 = Release|Any CPU
		{6A87138D-C833-44DB-9C12-1DC68D55C410}.Release|x86.ActiveCfg = Release|Any CPU
		{6A87138D-C833-44DB-9C12-1DC68D55C410}.Release|x86.Build.0 = Release|Any CPU
		{A5DE3A65-9B07-4BBD-B9F3-1358CB01C356}.Debug|Any CPU.ActiveCfg = Debug|Any CPU
		{A5DE3A65-9B07-4BBD-B9F3-1358CB01C356}.Debug|Any CPU.Build.0 = Debug|Any CPU
		{A5DE3A65-9B07-4BBD-B9F3-1358CB01C356}.Debug|x64.ActiveCfg = Debug|Any CPU
		{A5DE3A65-9B07-4BBD-B9F3-1358CB01C356}.Debug|x64.Build.0 = Debug|Any CPU
		{A5DE3A65-9B07-4BBD-B9F3-1358CB01C356}.Debug|x86.ActiveCfg = Debug|Any CPU
		{A5DE3A65-9B07-4BBD-B9F3-1358CB01C356}.Debug|x86.Build.0 = Debug|Any CPU
		{A5DE3A65-9B07-4BBD-B9F3-1358CB01C356}.Release|Any CPU.ActiveCfg = Release|Any CPU
		{A5DE3A65-9B07-4BBD-B9F3-1358CB01C356}.Release|Any CPU.Build.0 = Release|Any CPU
		{A5DE3A65-9B07-4BBD-B9F3-1358CB01C356}.Release|x64.ActiveCfg = Release|Any CPU
		{A5DE3A65-9B07-4BBD-B9F3-1358CB01C356}.Release|x64.Build.0 = Release|Any CPU
		{A5DE3A65-9B07-4BBD-B9F3-1358CB01C356}.Release|x86.ActiveCfg = Release|Any CPU
		{A5DE3A65-9B07-4BBD-B9F3-1358CB01C356}.Release|x86.Build.0 = Release|Any CPU
		{59E76375-4170-4E32-B988-3A652B3997BC}.Debug|Any CPU.ActiveCfg = Debug|Any CPU
		{59E76375-4170-4E32-B988-3A652B3997BC}.Debug|Any CPU.Build.0 = Debug|Any CPU
		{59E76375-4170-4E32-B988-3A652B3997BC}.Debug|x64.ActiveCfg = Debug|Any CPU
		{59E76375-4170-4E32-B988-3A652B3997BC}.Debug|x64.Build.0 = Debug|Any CPU
		{59E76375-4170-4E32-B988-3A652B3997BC}.Debug|x86.ActiveCfg = Debug|Any CPU
		{59E76375-4170-4E32-B988-3A652B3997BC}.Debug|x86.Build.0 = Debug|Any CPU
		{59E76375-4170-4E32-B988-3A652B3997BC}.Release|Any CPU.ActiveCfg = Release|Any CPU
		{59E76375-4170-4E32-B988-3A652B3997BC}.Release|Any CPU.Build.0 = Release|Any CPU
		{59E76375-4170-4E32-B988-3A652B3997BC}.Release|x64.ActiveCfg = Release|Any CPU
		{59E76375-4170-4E32-B988-3A652B3997BC}.Release|x64.Build.0 = Release|Any CPU
		{59E76375-4170-4E32-B988-3A652B3997BC}.Release|x86.ActiveCfg = Release|Any CPU
		{59E76375-4170-4E32-B988-3A652B3997BC}.Release|x86.Build.0 = Release|Any CPU
		{58020CE7-AEC7-4332-96E7-8E152CAE4A25}.Debug|Any CPU.ActiveCfg = Debug|Any CPU
		{58020CE7-AEC7-4332-96E7-8E152CAE4A25}.Debug|Any CPU.Build.0 = Debug|Any CPU
		{58020CE7-AEC7-4332-96E7-8E152CAE4A25}.Debug|x64.ActiveCfg = Debug|Any CPU
		{58020CE7-AEC7-4332-96E7-8E152CAE4A25}.Debug|x64.Build.0 = Debug|Any CPU
		{58020CE7-AEC7-4332-96E7-8E152CAE4A25}.Debug|x86.ActiveCfg = Debug|Any CPU
		{58020CE7-AEC7-4332-96E7-8E152CAE4A25}.Debug|x86.Build.0 = Debug|Any CPU
		{58020CE7-AEC7-4332-96E7-8E152CAE4A25}.Release|Any CPU.ActiveCfg = Release|Any CPU
		{58020CE7-AEC7-4332-96E7-8E152CAE4A25}.Release|Any CPU.Build.0 = Release|Any CPU
		{58020CE7-AEC7-4332-96E7-8E152CAE4A25}.Release|x64.ActiveCfg = Release|Any CPU
		{58020CE7-AEC7-4332-96E7-8E152CAE4A25}.Release|x64.Build.0 = Release|Any CPU
		{58020CE7-AEC7-4332-96E7-8E152CAE4A25}.Release|x86.ActiveCfg = Release|Any CPU
		{58020CE7-AEC7-4332-96E7-8E152CAE4A25}.Release|x86.Build.0 = Release|Any CPU
		{79E5FA1E-CAC9-4B6E-9679-254E4F5E6DA2}.Debug|Any CPU.ActiveCfg = Debug|Any CPU
		{79E5FA1E-CAC9-4B6E-9679-254E4F5E6DA2}.Debug|Any CPU.Build.0 = Debug|Any CPU
		{79E5FA1E-CAC9-4B6E-9679-254E4F5E6DA2}.Debug|x64.ActiveCfg = Debug|Any CPU
		{79E5FA1E-CAC9-4B6E-9679-254E4F5E6DA2}.Debug|x64.Build.0 = Debug|Any CPU
		{79E5FA1E-CAC9-4B6E-9679-254E4F5E6DA2}.Debug|x86.ActiveCfg = Debug|Any CPU
		{79E5FA1E-CAC9-4B6E-9679-254E4F5E6DA2}.Debug|x86.Build.0 = Debug|Any CPU
		{79E5FA1E-CAC9-4B6E-9679-254E4F5E6DA2}.Release|Any CPU.ActiveCfg = Release|Any CPU
		{79E5FA1E-CAC9-4B6E-9679-254E4F5E6DA2}.Release|Any CPU.Build.0 = Release|Any CPU
		{79E5FA1E-CAC9-4B6E-9679-254E4F5E6DA2}.Release|x64.ActiveCfg = Release|Any CPU
		{79E5FA1E-CAC9-4B6E-9679-254E4F5E6DA2}.Release|x64.Build.0 = Release|Any CPU
		{79E5FA1E-CAC9-4B6E-9679-254E4F5E6DA2}.Release|x86.ActiveCfg = Release|Any CPU
		{79E5FA1E-CAC9-4B6E-9679-254E4F5E6DA2}.Release|x86.Build.0 = Release|Any CPU
	EndGlobalSection
	GlobalSection(SolutionProperties) = preSolution
		HideSolutionNode = FALSE
	EndGlobalSection
	GlobalSection(NestedProjects) = preSolution
		{9D0C75D3-8A67-49B2-B58C-C57CAEC6F4FC} = {4F52FD11-658E-A102-6CD3-7D7C16FFA15B}
		{1F21A2CF-B462-4165-AFB6-B8DA70B8AD94} = {4F52FD11-658E-A102-6CD3-7D7C16FFA15B}
		{F020F384-D81A-49AD-A27F-38EEE4B254CA} = {0AB3BF05-4346-4AA6-1389-037BE0695223}
		{275C1BD9-7F8C-4A1D-B6C8-8609E67EE966} = {0AB3BF05-4346-4AA6-1389-037BE0695223}
		{306E8BBE-978B-4418-996F-4FC05739AADA} = {4F52FD11-658E-A102-6CD3-7D7C16FFA15B}
		{F11ABCB9-0EA1-4695-82EA-94D571627E46} = {E54149B9-7F22-367F-9CC5-FD829E3AA07B}
		{4AB31DCB-069D-43F1-B67E-4F8DA8675EB7} = {0AB3BF05-4346-4AA6-1389-037BE0695223}
		{06C2415A-D041-43EF-BD15-E1F0E9B92D1F} = {4F52FD11-658E-A102-6CD3-7D7C16FFA15B}
		{3E8A56D7-BE4C-48E3-A70D-58A7F490673C} = {0AB3BF05-4346-4AA6-1389-037BE0695223}
		{FDB24A8E-BCA5-4E94-A8BB-7CD2705C1D74} = {DFEE68D8-A7D0-1A41-506C-9B74AA9A7B7B}
		{EB1A4B64-2C6C-4BFA-8741-711F23B9BB7E} = {0AB3BF05-4346-4AA6-1389-037BE0695223}
		{23AD259B-2CE7-435E-AFD3-3E7AE743C363} = {0AB3BF05-4346-4AA6-1389-037BE0695223}
		{6A87138D-C833-44DB-9C12-1DC68D55C410} = {0AB3BF05-4346-4AA6-1389-037BE0695223}
		{A5DE3A65-9B07-4BBD-B9F3-1358CB01C356} = {E54149B9-7F22-367F-9CC5-FD829E3AA07B}
		{59E76375-4170-4E32-B988-3A652B3997BC} = {0AB3BF05-4346-4AA6-1389-037BE0695223}
		{58020CE7-AEC7-4332-96E7-8E152CAE4A25} = {37F61B1F-7B2D-C70A-2176-B3B271E5A998}
		{79E5FA1E-CAC9-4B6E-9679-254E4F5E6DA2} = {0AB3BF05-4346-4AA6-1389-037BE0695223}
	EndGlobalSection
EndGlobal
