
Microsoft Visual Studio Solution File, Format Version 12.00
# Visual Studio Version 17
VisualStudioVersion = 17.14.36109.1
MinimumVisualStudioVersion = 10.0.40219.1
Project("{FAE04EC0-301F-11D3-BF4B-00C04F79EFBC}") = "BlazorTerminal", "src\BlazorTerminal\BlazorTerminal.csproj", "{6A63217A-FD7C-DBD9-FE7C-F204578C064A}"
EndProject
Project("{FAE04EC0-301F-11D3-BF4B-00C04F79EFBC}") = "BlazorTerminal.Test", "src\BlazorTerminal.Test\BlazorTerminal.Test.csproj", "{34756F81-D23E-96CE-8833-CDB43859A8DF}"
EndProject
Global
	GlobalSection(SolutionConfigurationPlatforms) = preSolution
		Debug|Any CPU = Debug|Any CPU
		Release|Any CPU = Release|Any CPU
	EndGlobalSection
	GlobalSection(ProjectConfigurationPlatforms) = postSolution
		{6A63217A-FD7C-DBD9-FE7C-F204578C064A}.Debug|Any CPU.ActiveCfg = Debug|Any CPU
		{6A63217A-FD7C-DBD9-FE7C-F204578C064A}.Debug|Any CPU.Build.0 = Debug|Any CPU
		{6A63217A-FD7C-DBD9-FE7C-F204578C064A}.Release|Any CPU.ActiveCfg = Release|Any CPU
		{6A63217A-FD7C-DBD9-FE7C-F204578C064A}.Release|Any CPU.Build.0 = Release|Any CPU
		{34756F81-D23E-96CE-8833-CDB43859A8DF}.Debug|Any CPU.ActiveCfg = Debug|Any CPU
		{34756F81-D23E-96CE-8833-CDB43859A8DF}.Debug|Any CPU.Build.0 = Debug|Any CPU
		{34756F81-D23E-96CE-8833-CDB43859A8DF}.Release|Any CPU.ActiveCfg = Release|Any CPU
		{34756F81-D23E-96CE-8833-CDB43859A8DF}.Release|Any CPU.Build.0 = Release|Any CPU
	EndGlobalSection
	GlobalSection(SolutionProperties) = preSolution
		HideSolutionNode = FALSE
	EndGlobalSection
	GlobalSection(ExtensibilityGlobals) = postSolution
		SolutionGuid = {56868DD5-4945-4DBD-8773-07041106549E}
	EndGlobalSection
EndGlobal
