
Microsoft Visual Studio Solution File, Format Version 12.00
# Visual Studio Version 17
VisualStudioVersion = 17.14.36121.58
MinimumVisualStudioVersion = 10.0.40219.1
Project("{FAE04EC0-301F-11D3-BF4B-00C04F79EFBC}") = "BlazorWindowManager", "BlazorWindowManager\BlazorWindowManager.csproj", "{1D499C5C-4D53-2512-A64D-E1B36B926C7E}"
EndProject
Project("{FAE04EC0-301F-11D3-BF4B-00C04F79EFBC}") = "BlazorWindowManager.Test", "BlazorWindowManager.Test\BlazorWindowManager.Test.csproj", "{8D530B89-48B3-9182-B77C-E9DDD15AB552}"
EndProject
Global
	GlobalSection(SolutionConfigurationPlatforms) = preSolution
		Debug|Any CPU = Debug|Any CPU
		Release|Any CPU = Release|Any CPU
	EndGlobalSection
	GlobalSection(ProjectConfigurationPlatforms) = postSolution
		{1D499C5C-4D53-2512-A64D-E1B36B926C7E}.Debug|Any CPU.ActiveCfg = Debug|Any CPU
		{1D499C5C-4D53-2512-A64D-E1B36B926C7E}.Debug|Any CPU.Build.0 = Debug|Any CPU
		{1D499C5C-4D53-2512-A64D-E1B36B926C7E}.Release|Any CPU.ActiveCfg = Release|Any CPU
		{1D499C5C-4D53-2512-A64D-E1B36B926C7E}.Release|Any CPU.Build.0 = Release|Any CPU
		{8D530B89-48B3-9182-B77C-E9DDD15AB552}.Debug|Any CPU.ActiveCfg = Debug|Any CPU
		{8D530B89-48B3-9182-B77C-E9DDD15AB552}.Debug|Any CPU.Build.0 = Debug|Any CPU
		{8D530B89-48B3-9182-B77C-E9DDD15AB552}.Release|Any CPU.ActiveCfg = Release|Any CPU
		{8D530B89-48B3-9182-B77C-E9DDD15AB552}.Release|Any CPU.Build.0 = Release|Any CPU
	EndGlobalSection
	GlobalSection(SolutionProperties) = preSolution
		HideSolutionNode = FALSE
	EndGlobalSection
	GlobalSection(ExtensibilityGlobals) = postSolution
		SolutionGuid = {519F2B4B-58DB-4C39-969D-4E81B48F6C1A}
	EndGlobalSection
EndGlobal
