
Microsoft Visual Studio Solution File, Format Version 12.00
# Visual Studio Version 17
VisualStudioVersion = 17.14.36121.58 d17.14
MinimumVisualStudioVersion = 10.0.40219.1
Project("{FAE04EC0-301F-11D3-BF4B-00C04F79EFBC}") = "BlazorTerminal", "..\BlazorTerminal\src\BlazorTerminal\BlazorTerminal.csproj", "{ADF7E32C-79D3-E62D-CF41-5574B0ACD867}"
EndProject
Project("{FAE04EC0-301F-11D3-BF4B-00C04F79EFBC}") = "BlazorTerminal.Test", "..\BlazorTerminal\src\BlazorTerminal.Test\BlazorTerminal.Test.csproj", "{5196B0AF-1FA7-18D1-D62F-40FDCD7259B3}"
EndProject
Global
	GlobalSection(SolutionConfigurationPlatforms) = preSolution
		Debug|Any CPU = Debug|Any CPU
		Release|Any CPU = Release|Any CPU
	EndGlobalSection
	GlobalSection(ProjectConfigurationPlatforms) = postSolution
		{ADF7E32C-79D3-E62D-CF41-5574B0ACD867}.Debug|Any CPU.ActiveCfg = Debug|Any CPU
		{ADF7E32C-79D3-E62D-CF41-5574B0ACD867}.Debug|Any CPU.Build.0 = Debug|Any CPU
		{ADF7E32C-79D3-E62D-CF41-5574B0ACD867}.Release|Any CPU.ActiveCfg = Release|Any CPU
		{ADF7E32C-79D3-E62D-CF41-5574B0ACD867}.Release|Any CPU.Build.0 = Release|Any CPU
		{5196B0AF-1FA7-18D1-D62F-40FDCD7259B3}.Debug|Any CPU.ActiveCfg = Debug|Any CPU
		{5196B0AF-1FA7-18D1-D62F-40FDCD7259B3}.Debug|Any CPU.Build.0 = Debug|Any CPU
		{5196B0AF-1FA7-18D1-D62F-40FDCD7259B3}.Release|Any CPU.ActiveCfg = Release|Any CPU
		{5196B0AF-1FA7-18D1-D62F-40FDCD7259B3}.Release|Any CPU.Build.0 = Release|Any CPU
	EndGlobalSection
	GlobalSection(SolutionProperties) = preSolution
		HideSolutionNode = FALSE
	EndGlobalSection
	GlobalSection(ExtensibilityGlobals) = postSolution
		SolutionGuid = {519F2B4B-58DB-4C39-969D-4E81B48F6C1A}
	EndGlobalSection
EndGlobal
